{
  "version": 4,
  "terraform_version": "0.12.13",
  "serial": 39,
  "lineage": "0895c003-f4ce-8806-102e-1e9141cf7129",
  "outputs": {
    "aws_elb_public_dns": {
      "value": "aws.elb.web.dns_name",
      "type": "string"
    },
    "s3_bucket_arn": {
      "value": "abenjamin-elb-bk",
      "type": "string"
    }
  },
  "resources": [
    {
      "mode": "data",
      "type": "aws_ami",
      "name": "ubuntu",
      "provider": "provider.aws",
      "instances": [
        {
          "schema_version": 0,
          "attributes": {
            "architecture": "x86_64",
            "block_device_mappings": [
              {
                "device_name": "/dev/sda1",
                "ebs": {
                  "delete_on_termination": "true",
                  "encrypted": "false",
                  "iops": "0",
                  "snapshot_id": "snap-029907fe15340e01b",
                  "volume_size": "8",
                  "volume_type": "gp2"
                },
                "no_device": "",
                "virtual_name": ""
              },
              {
                "device_name": "/dev/sdb",
                "ebs": {},
                "no_device": "",
                "virtual_name": "ephemeral0"
              },
              {
                "device_name": "/dev/sdc",
                "ebs": {},
                "no_device": "",
                "virtual_name": "ephemeral1"
              }
            ],
            "creation_date": "2019-11-13T19:28:03.000Z",
            "description": "Canonical, Ubuntu, 18.04 LTS, amd64 bionic image build on 2019-11-13",
            "executable_users": null,
            "filter": [
              {
                "name": "name",
                "values": [
                  "ubuntu/images/hvm-ssd/ubuntu-bionic-18.04-amd64-server-*"
                ]
              },
              {
                "name": "virtualization-type",
                "values": [
                  "hvm"
                ]
              }
            ],
            "hypervisor": "xen",
            "id": "ami-00a208c7cdba991ea",
            "image_id": "ami-00a208c7cdba991ea",
            "image_location": "099720109477/ubuntu/images/hvm-ssd/ubuntu-bionic-18.04-amd64-server-20191113",
            "image_owner_alias": null,
            "image_type": "machine",
            "kernel_id": null,
            "most_recent": true,
            "name": "ubuntu/images/hvm-ssd/ubuntu-bionic-18.04-amd64-server-20191113",
            "name_regex": null,
            "owner_id": "099720109477",
            "owners": [
              "099720109477"
            ],
            "platform": null,
            "product_codes": [],
            "public": true,
            "ramdisk_id": null,
            "root_device_name": "/dev/sda1",
            "root_device_type": "ebs",
            "root_snapshot_id": "snap-029907fe15340e01b",
            "sriov_net_support": "simple",
            "state": "available",
            "state_reason": {
              "code": "UNSET",
              "message": "UNSET"
            },
            "tags": {},
            "virtualization_type": "hvm"
          }
        }
      ]
    },
    {
      "mode": "data",
      "type": "aws_availability_zones",
      "name": "available",
      "provider": "provider.aws",
      "instances": [
        {
          "schema_version": 0,
          "attributes": {
            "blacklisted_names": null,
            "blacklisted_zone_ids": null,
            "id": "2019-12-09 19:57:42.463671 +0000 UTC",
            "names": [
              "us-east-1a",
              "us-east-1b",
              "us-east-1c",
              "us-east-1d",
              "us-east-1e",
              "us-east-1f"
            ],
            "state": null,
            "zone_ids": [
              "use1-az1",
              "use1-az2",
              "use1-az4",
              "use1-az6",
              "use1-az3",
              "use1-az5"
            ]
          }
        }
      ]
    },
    {
      "mode": "data",
      "type": "aws_subnet",
      "name": "private",
      "each": "list",
      "provider": "provider.aws",
      "instances": [
        {
          "index_key": 0,
          "schema_version": 0,
          "attributes": {
            "arn": "arn:aws:ec2:us-east-1:555478048938:subnet/subnet-0c0bcb5c8c16c2868",
            "assign_ipv6_address_on_creation": false,
            "availability_zone": "us-east-1a",
            "availability_zone_id": "use1-az1",
            "cidr_block": "10.0.10.0/24",
            "default_for_az": false,
            "filter": null,
            "id": "subnet-0c0bcb5c8c16c2868",
            "ipv6_cidr_block": null,
            "ipv6_cidr_block_association_id": null,
            "map_public_ip_on_launch": true,
            "owner_id": "555478048938",
            "state": "available",
            "tags": {
              "Name": "prisub 0"
            },
            "vpc_id": "vpc-046c5d6908e088197"
          },
          "depends_on": [
            "aws_subnet.prisub"
          ]
        },
        {
          "index_key": 1,
          "schema_version": 0,
          "attributes": {
            "arn": "arn:aws:ec2:us-east-1:555478048938:subnet/subnet-0180f8a99205eb288",
            "assign_ipv6_address_on_creation": false,
            "availability_zone": "us-east-1b",
            "availability_zone_id": "use1-az2",
            "cidr_block": "10.0.11.0/24",
            "default_for_az": false,
            "filter": null,
            "id": "subnet-0180f8a99205eb288",
            "ipv6_cidr_block": null,
            "ipv6_cidr_block_association_id": null,
            "map_public_ip_on_launch": true,
            "owner_id": "555478048938",
            "state": "available",
            "tags": {
              "Name": "prisub 1"
            },
            "vpc_id": "vpc-046c5d6908e088197"
          },
          "depends_on": [
            "aws_subnet.prisub"
          ]
        }
      ]
    },
    {
      "mode": "managed",
      "type": "aws_eip",
      "name": "nateip",
      "each": "list",
      "provider": "provider.aws",
      "instances": [
        {
          "index_key": 0,
          "schema_version": 0,
          "attributes": {
            "allocation_id": null,
            "associate_with_private_ip": null,
            "association_id": "",
            "domain": "vpc",
            "id": "eipalloc-0d4c80dde5c592960",
            "instance": "",
            "network_interface": "",
            "private_dns": null,
            "private_ip": "",
            "public_dns": "ec2-34-233-114-44.compute-1.amazonaws.com",
            "public_ip": "34.233.114.44",
            "public_ipv4_pool": "amazon",
            "tags": null,
            "timeouts": null,
            "vpc": true
          },
          "private": "eyJlMmJmYjczMC1lY2FhLTExZTYtOGY4OC0zNDM2M2JjN2M0YzAiOnsiZGVsZXRlIjoxODAwMDAwMDAwMDAsInJlYWQiOjkwMDAwMDAwMDAwMCwidXBkYXRlIjozMDAwMDAwMDAwMDB9fQ=="
        },
        {
          "index_key": 1,
          "schema_version": 0,
          "attributes": {
            "allocation_id": null,
            "associate_with_private_ip": null,
            "association_id": "",
            "domain": "vpc",
            "id": "eipalloc-0dca031f41b1b07cc",
            "instance": "",
            "network_interface": "",
            "private_dns": null,
            "private_ip": "",
            "public_dns": "ec2-34-197-38-47.compute-1.amazonaws.com",
            "public_ip": "34.197.38.47",
            "public_ipv4_pool": "amazon",
            "tags": null,
            "timeouts": null,
            "vpc": true
          },
          "private": "eyJlMmJmYjczMC1lY2FhLTExZTYtOGY4OC0zNDM2M2JjN2M0YzAiOnsiZGVsZXRlIjoxODAwMDAwMDAwMDAsInJlYWQiOjkwMDAwMDAwMDAwMCwidXBkYXRlIjozMDAwMDAwMDAwMDB9fQ=="
        }
      ]
    },
    {
      "mode": "managed",
      "type": "aws_elb",
      "name": "web",
      "provider": "provider.aws",
      "instances": [
        {
          "schema_version": 0,
          "attributes": {
            "access_logs": [
              {
                "bucket": "abenjamin-elb-bk",
                "bucket_prefix": "elb",
                "enabled": true,
                "interval": 60
              }
            ],
            "arn": "arn:aws:elasticloadbalancing:us-east-1:555478048938:loadbalancer/tf-lb-20191209195909565900000001",
            "availability_zones": [
              "us-east-1a",
              "us-east-1b"
            ],
            "connection_draining": false,
            "connection_draining_timeout": 300,
            "cross_zone_load_balancing": true,
            "dns_name": "tf-lb-20191209195909565900000001-54828450.us-east-1.elb.amazonaws.com",
            "health_check": [
              {
                "healthy_threshold": 10,
                "interval": 30,
                "target": "TCP:80",
                "timeout": 5,
                "unhealthy_threshold": 2
              }
            ],
            "id": "tf-lb-20191209195909565900000001",
            "idle_timeout": 60,
            "instances": [
              "i-091e6e0b95b0e55b7",
              "i-0be11baa83d7dcfb2"
            ],
            "internal": false,
            "listener": [
              {
                "instance_port": 80,
                "instance_protocol": "http",
                "lb_port": 80,
                "lb_protocol": "http",
                "ssl_certificate_id": ""
              }
            ],
            "name": "tf-lb-20191209195909565900000001",
            "name_prefix": null,
            "security_groups": [
              "sg-0197863b0f1789ba5"
            ],
            "source_security_group": "555478048938/elb_sg",
            "source_security_group_id": "sg-0197863b0f1789ba5",
            "subnets": [
              "subnet-0180f8a99205eb288",
              "subnet-01bf681429278b0fe"
            ],
            "tags": null,
            "zone_id": "Z35SXDOTRQ7X7K"
          },
          "private": "bnVsbA==",
          "depends_on": [
            "aws_instance.web[0]",
            "aws_instance.web[1]",
            "aws_s3_bucket.elb-bk",
            "aws_security_group.elb_sg",
            "aws_subnet.prisub[1]",
            "aws_subnet.pubsub[0]"
          ]
        }
      ]
    },
    {
      "mode": "managed",
      "type": "aws_iam_instance_profile",
      "name": "ec2_iam",
      "provider": "provider.aws",
      "instances": [
        {
          "schema_version": 0,
          "attributes": {
            "arn": "arn:aws:iam::555478048938:instance-profile/ec2",
            "create_date": "2019-12-09T19:57:55Z",
            "id": "ec2",
            "name": "ec2",
            "name_prefix": null,
            "path": "/",
            "role": "ec2_role",
            "roles": [],
            "unique_id": "AIPAYCVISMCVJSXGQMFWJ"
          },
          "private": "bnVsbA==",
          "depends_on": [
            "aws_iam_role.role"
          ]
        }
      ]
    },
    {
      "mode": "managed",
      "type": "aws_iam_role",
      "name": "role",
      "provider": "provider.aws",
      "instances": [
        {
          "schema_version": 0,
          "attributes": {
            "arn": "arn:aws:iam::555478048938:role/ec2_role",
            "assume_role_policy": "{\"Version\":\"2012-10-17\",\"Statement\":[{\"Sid\":\"\",\"Effect\":\"Allow\",\"Principal\":{\"Service\":\"ec2.amazonaws.com\"},\"Action\":\"sts:AssumeRole\"}]}",
            "create_date": "2019-12-09T19:57:53Z",
            "description": "",
            "force_detach_policies": false,
            "id": "ec2_role",
            "max_session_duration": 3600,
            "name": "ec2_role",
            "name_prefix": null,
            "path": "/",
            "permissions_boundary": null,
            "tags": null,
            "unique_id": "AROAYCVISMCVPUBRSE56M"
          },
          "private": "bnVsbA=="
        }
      ]
    },
    {
      "mode": "managed",
      "type": "aws_instance",
      "name": "DB",
      "each": "list",
      "provider": "provider.aws",
      "instances": [
        {
          "index_key": 0,
          "schema_version": 1,
          "attributes": {
            "ami": "ami-024582e76075564db",
            "arn": "arn:aws:ec2:us-east-1:555478048938:instance/i-0d5449993fe012fca",
            "associate_public_ip_address": true,
            "availability_zone": "us-east-1a",
            "cpu_core_count": 1,
            "cpu_threads_per_core": 1,
            "credit_specification": [
              {
                "cpu_credits": "standard"
              }
            ],
            "disable_api_termination": false,
            "ebs_block_device": [],
            "ebs_optimized": false,
            "ephemeral_block_device": [],
            "get_password_data": false,
            "host_id": null,
            "iam_instance_profile": "",
            "id": "i-0d5449993fe012fca",
            "instance_initiated_shutdown_behavior": null,
            "instance_state": "running",
            "instance_type": "t2.micro",
            "ipv6_address_count": 0,
            "ipv6_addresses": [],
            "key_name": "servers",
            "monitoring": false,
            "network_interface": [],
            "network_interface_id": null,
            "password_data": "",
            "placement_group": "",
            "primary_network_interface_id": "eni-07d9560e9b12ca5ee",
            "private_dns": "ip-10-0-10-226.ec2.internal",
            "private_ip": "10.0.10.226",
            "public_dns": "ec2-52-73-252-162.compute-1.amazonaws.com",
            "public_ip": "52.73.252.162",
            "root_block_device": [
              {
                "delete_on_termination": true,
                "encrypted": false,
                "iops": 100,
                "kms_key_id": "",
                "volume_id": "vol-0a91dd3726122fc87",
                "volume_size": 8,
                "volume_type": "gp2"
              }
            ],
            "security_groups": [],
            "source_dest_check": true,
            "subnet_id": "subnet-0c0bcb5c8c16c2868",
            "tags": {
              "Name": "DB 0"
            },
            "tenancy": "default",
            "timeouts": null,
            "user_data": null,
            "user_data_base64": null,
            "volume_tags": {},
            "vpc_security_group_ids": [
              "sg-062e72a3850da113c"
            ]
          },
          "private": "eyJlMmJmYjczMC1lY2FhLTExZTYtOGY4OC0zNDM2M2JjN2M0YzAiOnsiY3JlYXRlIjo2MDAwMDAwMDAwMDAsImRlbGV0ZSI6MTIwMDAwMDAwMDAwMCwidXBkYXRlIjo2MDAwMDAwMDAwMDB9LCJzY2hlbWFfdmVyc2lvbiI6IjEifQ==",
          "depends_on": [
            "aws_key_pair.servers",
            "aws_security_group.nat",
            "data.aws_availability_zones.available",
            "data.aws_subnet.private"
          ]
        },
        {
          "index_key": 1,
          "schema_version": 1,
          "attributes": {
            "ami": "ami-024582e76075564db",
            "arn": "arn:aws:ec2:us-east-1:555478048938:instance/i-09c6cd53006f16249",
            "associate_public_ip_address": true,
            "availability_zone": "us-east-1b",
            "cpu_core_count": 1,
            "cpu_threads_per_core": 1,
            "credit_specification": [
              {
                "cpu_credits": "standard"
              }
            ],
            "disable_api_termination": false,
            "ebs_block_device": [],
            "ebs_optimized": false,
            "ephemeral_block_device": [],
            "get_password_data": false,
            "host_id": null,
            "iam_instance_profile": "",
            "id": "i-09c6cd53006f16249",
            "instance_initiated_shutdown_behavior": null,
            "instance_state": "running",
            "instance_type": "t2.micro",
            "ipv6_address_count": 0,
            "ipv6_addresses": [],
            "key_name": "servers",
            "monitoring": false,
            "network_interface": [],
            "network_interface_id": null,
            "password_data": "",
            "placement_group": "",
            "primary_network_interface_id": "eni-0bfe4dbc9d6dc33bc",
            "private_dns": "ip-10-0-11-117.ec2.internal",
            "private_ip": "10.0.11.117",
            "public_dns": "ec2-54-205-14-38.compute-1.amazonaws.com",
            "public_ip": "54.205.14.38",
            "root_block_device": [
              {
                "delete_on_termination": true,
                "encrypted": false,
                "iops": 100,
                "kms_key_id": "",
                "volume_id": "vol-0747a7724071c98a4",
                "volume_size": 8,
                "volume_type": "gp2"
              }
            ],
            "security_groups": [],
            "source_dest_check": true,
            "subnet_id": "subnet-0180f8a99205eb288",
            "tags": {
              "Name": "DB 1"
            },
            "tenancy": "default",
            "timeouts": null,
            "user_data": null,
            "user_data_base64": null,
            "volume_tags": {},
            "vpc_security_group_ids": [
              "sg-062e72a3850da113c"
            ]
          },
          "private": "eyJlMmJmYjczMC1lY2FhLTExZTYtOGY4OC0zNDM2M2JjN2M0YzAiOnsiY3JlYXRlIjo2MDAwMDAwMDAwMDAsImRlbGV0ZSI6MTIwMDAwMDAwMDAwMCwidXBkYXRlIjo2MDAwMDAwMDAwMDB9LCJzY2hlbWFfdmVyc2lvbiI6IjEifQ==",
          "depends_on": [
            "aws_key_pair.servers",
            "aws_security_group.nat",
            "data.aws_availability_zones.available",
            "data.aws_subnet.private"
          ]
        }
      ]
    },
    {
      "mode": "managed",
      "type": "aws_instance",
      "name": "web",
      "each": "list",
      "provider": "provider.aws",
      "instances": [
        {
          "index_key": 0,
          "schema_version": 1,
          "attributes": {
            "ami": "ami-024582e76075564db",
            "arn": "arn:aws:ec2:us-east-1:555478048938:instance/i-0be11baa83d7dcfb2",
            "associate_public_ip_address": true,
            "availability_zone": "us-east-1a",
            "cpu_core_count": 1,
            "cpu_threads_per_core": 1,
            "credit_specification": [
              {
                "cpu_credits": "standard"
              }
            ],
            "disable_api_termination": false,
            "ebs_block_device": [],
            "ebs_optimized": false,
            "ephemeral_block_device": [],
            "get_password_data": false,
            "host_id": null,
            "iam_instance_profile": "ec2",
            "id": "i-0be11baa83d7dcfb2",
            "instance_initiated_shutdown_behavior": null,
            "instance_state": "running",
            "instance_type": "t2.micro",
            "ipv6_address_count": 0,
            "ipv6_addresses": [],
            "key_name": "servers",
            "monitoring": false,
            "network_interface": [],
            "network_interface_id": null,
            "password_data": "",
            "placement_group": "",
            "primary_network_interface_id": "eni-0dd8c8b8bba922273",
            "private_dns": "ip-10-0-2-100.ec2.internal",
            "private_ip": "10.0.2.100",
            "public_dns": "ec2-18-209-227-197.compute-1.amazonaws.com",
            "public_ip": "18.209.227.197",
            "root_block_device": [
              {
                "delete_on_termination": true,
                "encrypted": false,
                "iops": 100,
                "kms_key_id": "",
                "volume_id": "vol-02ad089926ea1163b",
                "volume_size": 8,
                "volume_type": "gp2"
              }
            ],
            "security_groups": [],
            "source_dest_check": true,
            "subnet_id": "subnet-01bf681429278b0fe",
            "tags": {
              "Name": "ngnix 0"
            },
            "tenancy": "default",
            "timeouts": null,
            "user_data": "f06061720d39b772d8e32a75a5a9a109916bd61d",
            "user_data_base64": null,
            "volume_tags": {},
            "vpc_security_group_ids": [
              "sg-02a68e560453e5e20"
            ]
          },
          "private": "eyJlMmJmYjczMC1lY2FhLTExZTYtOGY4OC0zNDM2M2JjN2M0YzAiOnsiY3JlYXRlIjo2MDAwMDAwMDAwMDAsImRlbGV0ZSI6MTIwMDAwMDAwMDAwMCwidXBkYXRlIjo2MDAwMDAwMDAwMDB9LCJzY2hlbWFfdmVyc2lvbiI6IjEifQ==",
          "depends_on": [
            "aws_iam_instance_profile.ec2_iam",
            "aws_key_pair.servers",
            "aws_security_group.nginx_sg",
            "aws_subnet.pubsub",
            "data.aws_availability_zones.available"
          ]
        },
        {
          "index_key": 1,
          "schema_version": 1,
          "attributes": {
            "ami": "ami-024582e76075564db",
            "arn": "arn:aws:ec2:us-east-1:555478048938:instance/i-091e6e0b95b0e55b7",
            "associate_public_ip_address": true,
            "availability_zone": "us-east-1b",
            "cpu_core_count": 1,
            "cpu_threads_per_core": 1,
            "credit_specification": [
              {
                "cpu_credits": "standard"
              }
            ],
            "disable_api_termination": false,
            "ebs_block_device": [],
            "ebs_optimized": false,
            "ephemeral_block_device": [],
            "get_password_data": false,
            "host_id": null,
            "iam_instance_profile": "ec2",
            "id": "i-091e6e0b95b0e55b7",
            "instance_initiated_shutdown_behavior": null,
            "instance_state": "running",
            "instance_type": "t2.micro",
            "ipv6_address_count": 0,
            "ipv6_addresses": [],
            "key_name": "servers",
            "monitoring": false,
            "network_interface": [],
            "network_interface_id": null,
            "password_data": "",
            "placement_group": "",
            "primary_network_interface_id": "eni-002896a04a635f2c4",
            "private_dns": "ip-10-0-3-29.ec2.internal",
            "private_ip": "10.0.3.29",
            "public_dns": "ec2-3-84-115-136.compute-1.amazonaws.com",
            "public_ip": "3.84.115.136",
            "root_block_device": [
              {
                "delete_on_termination": true,
                "encrypted": false,
                "iops": 100,
                "kms_key_id": "",
                "volume_id": "vol-0c19b7bf04f193a2f",
                "volume_size": 8,
                "volume_type": "gp2"
              }
            ],
            "security_groups": [],
            "source_dest_check": true,
            "subnet_id": "subnet-0c2b7de5430579e16",
            "tags": {
              "Name": "ngnix 1"
            },
            "tenancy": "default",
            "timeouts": null,
            "user_data": "f06061720d39b772d8e32a75a5a9a109916bd61d",
            "user_data_base64": null,
            "volume_tags": {},
            "vpc_security_group_ids": [
              "sg-02a68e560453e5e20"
            ]
          },
          "private": "eyJlMmJmYjczMC1lY2FhLTExZTYtOGY4OC0zNDM2M2JjN2M0YzAiOnsiY3JlYXRlIjo2MDAwMDAwMDAwMDAsImRlbGV0ZSI6MTIwMDAwMDAwMDAwMCwidXBkYXRlIjo2MDAwMDAwMDAwMDB9LCJzY2hlbWFfdmVyc2lvbiI6IjEifQ==",
          "depends_on": [
            "aws_iam_instance_profile.ec2_iam",
            "aws_key_pair.servers",
            "aws_security_group.nginx_sg",
            "aws_subnet.pubsub",
            "data.aws_availability_zones.available"
          ]
        }
      ]
    },
    {
      "mode": "managed",
      "type": "aws_internet_gateway",
      "name": "IGW",
      "provider": "provider.aws",
      "instances": [
        {
          "schema_version": 0,
          "attributes": {
            "id": "igw-0764bacedca336a83",
            "owner_id": "555478048938",
            "tags": {
              "Name": "IGW"
            },
            "vpc_id": "vpc-046c5d6908e088197"
          },
          "private": "bnVsbA==",
          "depends_on": [
            "aws_vpc.homework3"
          ]
        }
      ]
    },
    {
      "mode": "managed",
      "type": "aws_key_pair",
      "name": "servers",
      "provider": "provider.aws",
      "instances": [
        {
          "schema_version": 1,
          "attributes": {
            "fingerprint": "28:3f:69:d9:c2:83:40:ea:f9:62:2b:11:25:3f:25:21",
            "id": "servers",
            "key_name": "servers",
            "key_name_prefix": null,
            "public_key": "ssh-rsa AAAAB3NzaC1yc2EAAAADAQABAAACAQC/ovSu7jzIeAg+nEP3MizR4EbiOiYUjmN66oyl4FbFDBa7yRbpGTpOJm4JEVy0icjmHJV5fQ+SMJe3iMsxBRuHzpfWnbudeiTe1JSWC8TObGt+0ZD8ciD66X+4OxwiHQPwLGsaQEwD4BTRwmdwzvqg4ftaTuoWk7XXEaU49Q/VtbFfFGXXRV/+Hs9nXgo38+yPz9WJEVBZ47fZvPbK3NI1MKEUpyA1sGHSToNWs/ubVS+uaPAKTFkQ9HbqfNiWrezH8aySOjUxh+4fPPyoZc+zMdMZ9gwzW1tooovJELEGlw0ngOA9ZAr+9jZqNEvpWNlKvSUajpNAONeA8fqybIbRGfcx/LJNTV61ePS8d58nE5giGvUXNinx4DOyqNwg0GPQU5RIR+O0VxE3fbl9fqd2a5E9LkX33q9cgOPIEWSNpziY/23wCzj9g7WZxwrj8YGwfg7L6a1xXvb/aqca+/mEzMch3uqhCHcG5xyURhv2/E+/ikHLKcTjkJHDbtDFCNoaFLG5QOY8OhVFkp9/XOo8xBQ0gRsEE5sWl1adsaWlOa8Cu2SR4iQvfE/6472/i0R/fctvbPd+jTilYGGYR3zLaC/Gg8tRdaT6prJhU0//vSNhCaGRrFDf1m1sy2k0z62Uy7p7nz4cm/y52qUeKHcrgY205gInaEdb7dIlBTcxhw=="
          },
          "private": "eyJzY2hlbWFfdmVyc2lvbiI6IjEifQ==",
          "depends_on": [
            "tls_private_key.servers"
          ]
        }
      ]
    },
    {
      "mode": "managed",
      "type": "aws_lb_cookie_stickiness_policy",
      "name": "stickness",
      "provider": "provider.aws",
      "instances": [
        {
          "schema_version": 0,
          "attributes": {
            "cookie_expiration_period": 3600,
            "id": "tf-lb-20191209195909565900000001:80:stickness-policy",
            "lb_port": 80,
            "load_balancer": "tf-lb-20191209195909565900000001",
            "name": "stickness-policy"
          },
          "private": "bnVsbA==",
          "depends_on": [
            "aws_elb.web"
          ]
        }
      ]
    },
    {
      "mode": "managed",
      "type": "aws_nat_gateway",
      "name": "NATGW",
      "each": "list",
      "provider": "provider.aws",
      "instances": [
        {
          "index_key": 0,
          "schema_version": 0,
          "attributes": {
            "allocation_id": "eipalloc-0d4c80dde5c592960",
            "id": "nat-07d9949b5a16d33ba",
            "network_interface_id": "eni-08e01bb0a6fcfa584",
            "private_ip": "10.0.2.184",
            "public_ip": "34.233.114.44",
            "subnet_id": "subnet-01bf681429278b0fe",
            "tags": {
              "Name": "NATGW 0"
            }
          },
          "private": "bnVsbA==",
          "depends_on": [
            "aws_eip.nateip",
            "aws_internet_gateway.IGW",
            "aws_subnet.pubsub"
          ]
        },
        {
          "index_key": 1,
          "schema_version": 0,
          "attributes": {
            "allocation_id": "eipalloc-0dca031f41b1b07cc",
            "id": "nat-0ddcb0ed524e33468",
            "network_interface_id": "eni-07cb4af84f8bcf990",
            "private_ip": "10.0.3.119",
            "public_ip": "34.197.38.47",
            "subnet_id": "subnet-0c2b7de5430579e16",
            "tags": {
              "Name": "NATGW 1"
            }
          },
          "private": "bnVsbA==",
          "depends_on": [
            "aws_eip.nateip",
            "aws_internet_gateway.IGW",
            "aws_subnet.pubsub"
          ]
        }
      ]
    },
    {
      "mode": "managed",
      "type": "aws_route_table",
      "name": "priroute",
      "each": "list",
      "provider": "provider.aws",
      "instances": [
        {
          "index_key": 0,
          "schema_version": 0,
          "attributes": {
            "id": "rtb-040c28ae05d6e398e",
            "owner_id": "555478048938",
            "propagating_vgws": [],
            "route": [
              {
                "cidr_block": "0.0.0.0/0",
                "egress_only_gateway_id": "",
                "gateway_id": "",
                "instance_id": "",
                "ipv6_cidr_block": "",
                "nat_gateway_id": "nat-07d9949b5a16d33ba",
                "network_interface_id": "",
                "transit_gateway_id": "",
                "vpc_peering_connection_id": ""
              }
            ],
            "tags": null,
            "vpc_id": "vpc-046c5d6908e088197"
          },
          "private": "bnVsbA==",
          "depends_on": [
            "aws_nat_gateway.NATGW",
            "aws_vpc.homework3"
          ]
        },
        {
          "index_key": 1,
          "schema_version": 0,
          "attributes": {
            "id": "rtb-062d62260f343a957",
            "owner_id": "555478048938",
            "propagating_vgws": [],
            "route": [
              {
                "cidr_block": "0.0.0.0/0",
                "egress_only_gateway_id": "",
                "gateway_id": "",
                "instance_id": "",
                "ipv6_cidr_block": "",
                "nat_gateway_id": "nat-0ddcb0ed524e33468",
                "network_interface_id": "",
                "transit_gateway_id": "",
                "vpc_peering_connection_id": ""
              }
            ],
            "tags": null,
            "vpc_id": "vpc-046c5d6908e088197"
          },
          "private": "bnVsbA==",
          "depends_on": [
            "aws_nat_gateway.NATGW",
            "aws_vpc.homework3"
          ]
        }
      ]
    },
    {
      "mode": "managed",
      "type": "aws_route_table",
      "name": "pubroute",
      "each": "list",
      "provider": "provider.aws",
      "instances": [
        {
          "index_key": 0,
          "schema_version": 0,
          "attributes": {
            "id": "rtb-0ecf16265e27826f7",
            "owner_id": "555478048938",
            "propagating_vgws": [],
            "route": [
              {
                "cidr_block": "0.0.0.0/0",
                "egress_only_gateway_id": "",
                "gateway_id": "igw-0764bacedca336a83",
                "instance_id": "",
                "ipv6_cidr_block": "",
                "nat_gateway_id": "",
                "network_interface_id": "",
                "transit_gateway_id": "",
                "vpc_peering_connection_id": ""
              }
            ],
            "tags": null,
            "vpc_id": "vpc-046c5d6908e088197"
          },
          "private": "bnVsbA==",
          "depends_on": [
            "aws_internet_gateway.IGW",
            "aws_vpc.homework3"
          ]
        },
        {
          "index_key": 1,
          "schema_version": 0,
          "attributes": {
            "id": "rtb-07436c863f737e848",
            "owner_id": "555478048938",
            "propagating_vgws": [],
            "route": [
              {
                "cidr_block": "0.0.0.0/0",
                "egress_only_gateway_id": "",
                "gateway_id": "igw-0764bacedca336a83",
                "instance_id": "",
                "ipv6_cidr_block": "",
                "nat_gateway_id": "",
                "network_interface_id": "",
                "transit_gateway_id": "",
                "vpc_peering_connection_id": ""
              }
            ],
            "tags": null,
            "vpc_id": "vpc-046c5d6908e088197"
          },
          "private": "bnVsbA==",
          "depends_on": [
            "aws_internet_gateway.IGW",
            "aws_vpc.homework3"
          ]
        }
      ]
    },
    {
      "mode": "managed",
      "type": "aws_route_table_association",
      "name": "priroute",
      "each": "list",
      "provider": "provider.aws",
      "instances": [
        {
          "index_key": 0,
          "schema_version": 0,
          "attributes": {
            "gateway_id": null,
            "id": "rtbassoc-0e4a1d0856770e550",
            "route_table_id": "rtb-040c28ae05d6e398e",
            "subnet_id": "subnet-0c0bcb5c8c16c2868"
          },
          "private": "bnVsbA==",
          "depends_on": [
            "aws_route_table.priroute",
            "aws_subnet.prisub"
          ]
        },
        {
          "index_key": 1,
          "schema_version": 0,
          "attributes": {
            "gateway_id": null,
            "id": "rtbassoc-0e5c104291a275b58",
            "route_table_id": "rtb-062d62260f343a957",
            "subnet_id": "subnet-0180f8a99205eb288"
          },
          "private": "bnVsbA==",
          "depends_on": [
            "aws_route_table.priroute",
            "aws_subnet.prisub"
          ]
        }
      ]
    },
    {
      "mode": "managed",
      "type": "aws_route_table_association",
      "name": "pubroute",
      "each": "list",
      "provider": "provider.aws",
      "instances": [
        {
          "index_key": 0,
          "schema_version": 0,
          "attributes": {
            "gateway_id": null,
            "id": "rtbassoc-01c570a2bd56d9f8b",
            "route_table_id": "rtb-0ecf16265e27826f7",
            "subnet_id": "subnet-01bf681429278b0fe"
          },
          "private": "bnVsbA==",
          "depends_on": [
            "aws_route_table.pubroute",
            "aws_subnet.pubsub"
          ]
        },
        {
          "index_key": 1,
          "schema_version": 0,
          "attributes": {
            "gateway_id": null,
            "id": "rtbassoc-0297cc69f57d2ef59",
            "route_table_id": "rtb-07436c863f737e848",
            "subnet_id": "subnet-0c2b7de5430579e16"
          },
          "private": "bnVsbA==",
          "depends_on": [
            "aws_route_table.pubroute",
            "aws_subnet.pubsub"
          ]
        }
      ]
    },
    {
      "mode": "managed",
      "type": "aws_s3_bucket",
      "name": "elb-bk",
      "provider": "provider.aws",
      "instances": [
        {
          "schema_version": 0,
          "attributes": {
            "acceleration_status": "",
            "acl": "private",
            "arn": "arn:aws:s3:::abenjamin-elb-bk",
            "bucket": "abenjamin-elb-bk",
            "bucket_domain_name": "abenjamin-elb-bk.s3.amazonaws.com",
            "bucket_prefix": null,
            "bucket_regional_domain_name": "abenjamin-elb-bk.s3.amazonaws.com",
            "cors_rule": [],
            "force_destroy": false,
            "hosted_zone_id": "Z3AQBSTGFYJSTF",
            "id": "abenjamin-elb-bk",
            "lifecycle_rule": [],
            "logging": [],
            "object_lock_configuration": [],
            "policy": "{\"Statement\":[{\"Action\":\"s3:PutObject\",\"Effect\":\"Allow\",\"Principal\":\"*\",\"Resource\":\"arn:aws:s3:::abenjamin-elb-bk/*\"}],\"Version\":\"2012-10-17\"}",
            "region": "us-east-1",
            "replication_configuration": [],
            "request_payer": "BucketOwner",
            "server_side_encryption_configuration": [],
            "tags": null,
            "versioning": [
              {
                "enabled": false,
                "mfa_delete": false
              }
            ],
            "website": [],
            "website_domain": null,
            "website_endpoint": null
          },
          "private": "bnVsbA=="
        }
      ]
    },
    {
      "mode": "managed",
      "type": "aws_s3_bucket",
      "name": "tfs3-state",
      "provider": "provider.aws",
      "instances": [
        {
          "schema_version": 0,
          "attributes": {
            "acceleration_status": "",
            "acl": "private",
            "arn": "arn:aws:s3:::abenjamin-tfstate-bk",
            "bucket": "abenjamin-tfstate-bk",
            "bucket_domain_name": "abenjamin-tfstate-bk.s3.amazonaws.com",
            "bucket_prefix": null,
            "bucket_regional_domain_name": "abenjamin-tfstate-bk.s3.amazonaws.com",
            "cors_rule": [],
            "force_destroy": true,
            "hosted_zone_id": "Z3AQBSTGFYJSTF",
            "id": "abenjamin-tfstate-bk",
            "lifecycle_rule": [],
            "logging": [],
            "object_lock_configuration": [],
            "policy": null,
            "region": "us-east-1",
            "replication_configuration": [],
            "request_payer": "BucketOwner",
            "server_side_encryption_configuration": [],
            "tags": {
              "Name": "tfstate S3 BK"
            },
            "versioning": [
              {
                "enabled": true,
                "mfa_delete": false
              }
            ],
            "website": [],
            "website_domain": null,
            "website_endpoint": null
          },
          "private": "bnVsbA=="
        }
      ]
    },
    {
      "mode": "managed",
      "type": "aws_security_group",
      "name": "allow_ssh_DB",
      "provider": "provider.aws",
      "instances": [
        {
          "schema_version": 1,
          "attributes": {
            "arn": "arn:aws:ec2:us-east-1:555478048938:security-group/sg-08ccec01055d59529",
            "description": "allow ports from DB servers",
            "egress": [
              {
                "cidr_blocks": [
                  "0.0.0.0/0"
                ],
                "description": "",
                "from_port": 0,
                "ipv6_cidr_blocks": [],
                "prefix_list_ids": [],
                "protocol": "-1",
                "security_groups": [],
                "self": false,
                "to_port": 0
              }
            ],
            "id": "sg-08ccec01055d59529",
            "ingress": [
              {
                "cidr_blocks": [
                  "0.0.0.0/0"
                ],
                "description": "",
                "from_port": 80,
                "ipv6_cidr_blocks": [],
                "prefix_list_ids": [],
                "protocol": "tcp",
                "security_groups": [],
                "self": false,
                "to_port": 80
              }
            ],
            "name": "DB_servers",
            "name_prefix": null,
            "owner_id": "555478048938",
            "revoke_rules_on_delete": false,
            "tags": null,
            "timeouts": null,
            "vpc_id": "vpc-046c5d6908e088197"
          },
          "private": "eyJlMmJmYjczMC1lY2FhLTExZTYtOGY4OC0zNDM2M2JjN2M0YzAiOnsiY3JlYXRlIjo2MDAwMDAwMDAwMDAsImRlbGV0ZSI6NjAwMDAwMDAwMDAwfSwic2NoZW1hX3ZlcnNpb24iOiIxIn0=",
          "depends_on": [
            "aws_vpc.homework3"
          ]
        }
      ]
    },
    {
      "mode": "managed",
      "type": "aws_security_group",
      "name": "allow_ssh_web",
      "provider": "provider.aws",
      "instances": [
        {
          "schema_version": 1,
          "attributes": {
            "arn": "arn:aws:ec2:us-east-1:555478048938:security-group/sg-07c4f99a3f20bcd87",
            "description": "allow ports from web servers",
            "egress": [
              {
                "cidr_blocks": [
                  "0.0.0.0/0"
                ],
                "description": "",
                "from_port": 0,
                "ipv6_cidr_blocks": [],
                "prefix_list_ids": [],
                "protocol": "-1",
                "security_groups": [],
                "self": false,
                "to_port": 0
              }
            ],
            "id": "sg-07c4f99a3f20bcd87",
            "ingress": [
              {
                "cidr_blocks": [
                  "0.0.0.0/0"
                ],
                "description": "",
                "from_port": 22,
                "ipv6_cidr_blocks": [],
                "prefix_list_ids": [],
                "protocol": "tcp",
                "security_groups": [],
                "self": false,
                "to_port": 22
              }
            ],
            "name": "web_servers",
            "name_prefix": null,
            "owner_id": "555478048938",
            "revoke_rules_on_delete": false,
            "tags": null,
            "timeouts": null,
            "vpc_id": "vpc-046c5d6908e088197"
          },
          "private": "eyJlMmJmYjczMC1lY2FhLTExZTYtOGY4OC0zNDM2M2JjN2M0YzAiOnsiY3JlYXRlIjo2MDAwMDAwMDAwMDAsImRlbGV0ZSI6NjAwMDAwMDAwMDAwfSwic2NoZW1hX3ZlcnNpb24iOiIxIn0=",
          "depends_on": [
            "aws_vpc.homework3"
          ]
        }
      ]
    },
    {
      "mode": "managed",
      "type": "aws_security_group",
      "name": "elb_sg",
      "provider": "provider.aws",
      "instances": [
        {
          "schema_version": 1,
          "attributes": {
            "arn": "arn:aws:ec2:us-east-1:555478048938:security-group/sg-0197863b0f1789ba5",
            "description": "Managed by Terraform",
            "egress": [
              {
                "cidr_blocks": [
                  "0.0.0.0/0"
                ],
                "description": "",
                "from_port": 0,
                "ipv6_cidr_blocks": [],
                "prefix_list_ids": [],
                "protocol": "-1",
                "security_groups": [],
                "self": false,
                "to_port": 0
              }
            ],
            "id": "sg-0197863b0f1789ba5",
            "ingress": [
              {
                "cidr_blocks": [
                  "0.0.0.0/0"
                ],
                "description": "",
                "from_port": 80,
                "ipv6_cidr_blocks": [],
                "prefix_list_ids": [],
                "protocol": "tcp",
                "security_groups": [],
                "self": false,
                "to_port": 80
              }
            ],
            "name": "elb_sg",
            "name_prefix": null,
            "owner_id": "555478048938",
            "revoke_rules_on_delete": false,
            "tags": null,
            "timeouts": null,
            "vpc_id": "vpc-046c5d6908e088197"
          },
          "private": "eyJlMmJmYjczMC1lY2FhLTExZTYtOGY4OC0zNDM2M2JjN2M0YzAiOnsiY3JlYXRlIjo2MDAwMDAwMDAwMDAsImRlbGV0ZSI6NjAwMDAwMDAwMDAwfSwic2NoZW1hX3ZlcnNpb24iOiIxIn0=",
          "depends_on": [
            "aws_vpc.homework3"
          ]
        }
      ]
    },
    {
      "mode": "managed",
      "type": "aws_security_group",
      "name": "nat",
      "provider": "provider.aws",
      "instances": [
        {
          "schema_version": 1,
          "attributes": {
            "arn": "arn:aws:ec2:us-east-1:555478048938:security-group/sg-062e72a3850da113c",
            "description": "Allow nat traffic",
            "egress": [
              {
                "cidr_blocks": [
                  "0.0.0.0/0"
                ],
                "description": "",
                "from_port": 0,
                "ipv6_cidr_blocks": [],
                "prefix_list_ids": [],
                "protocol": "-1",
                "security_groups": [],
                "self": false,
                "to_port": 0
              }
            ],
            "id": "sg-062e72a3850da113c",
            "ingress": [
              {
                "cidr_blocks": [
                  "0.0.0.0/0"
                ],
                "description": "",
                "from_port": 22,
                "ipv6_cidr_blocks": [],
                "prefix_list_ids": [],
                "protocol": "tcp",
                "security_groups": [],
                "self": false,
                "to_port": 22
              },
              {
                "cidr_blocks": [
                  "0.0.0.0/0"
                ],
                "description": "",
                "from_port": 80,
                "ipv6_cidr_blocks": [],
                "prefix_list_ids": [],
                "protocol": "tcp",
                "security_groups": [],
                "self": false,
                "to_port": 80
              }
            ],
            "name": "nat",
            "name_prefix": null,
            "owner_id": "555478048938",
            "revoke_rules_on_delete": false,
            "tags": null,
            "timeouts": null,
            "vpc_id": "vpc-046c5d6908e088197"
          },
          "private": "eyJlMmJmYjczMC1lY2FhLTExZTYtOGY4OC0zNDM2M2JjN2M0YzAiOnsiY3JlYXRlIjo2MDAwMDAwMDAwMDAsImRlbGV0ZSI6NjAwMDAwMDAwMDAwfSwic2NoZW1hX3ZlcnNpb24iOiIxIn0=",
          "depends_on": [
            "aws_vpc.homework3"
          ]
        }
      ]
    },
    {
      "mode": "managed",
      "type": "aws_security_group",
      "name": "nginx_sg",
      "provider": "provider.aws",
      "instances": [
        {
          "schema_version": 1,
          "attributes": {
            "arn": "arn:aws:ec2:us-east-1:555478048938:security-group/sg-02a68e560453e5e20",
            "description": "Allow ssh traffic",
            "egress": [
              {
                "cidr_blocks": [
                  "0.0.0.0/0"
                ],
                "description": "",
                "from_port": 0,
                "ipv6_cidr_blocks": [],
                "prefix_list_ids": [],
                "protocol": "-1",
                "security_groups": [],
                "self": false,
                "to_port": 0
              }
            ],
            "id": "sg-02a68e560453e5e20",
            "ingress": [
              {
                "cidr_blocks": [
                  "0.0.0.0/0"
                ],
                "description": "",
                "from_port": 22,
                "ipv6_cidr_blocks": [],
                "prefix_list_ids": [],
                "protocol": "tcp",
                "security_groups": [],
                "self": false,
                "to_port": 22
              },
              {
                "cidr_blocks": [
                  "10.0.0.0/16"
                ],
                "description": "",
                "from_port": 80,
                "ipv6_cidr_blocks": [],
                "prefix_list_ids": [],
                "protocol": "tcp",
                "security_groups": [],
                "self": false,
                "to_port": 80
              }
            ],
            "name": "nginx_sg",
            "name_prefix": null,
            "owner_id": "555478048938",
            "revoke_rules_on_delete": false,
            "tags": null,
            "timeouts": null,
            "vpc_id": "vpc-046c5d6908e088197"
          },
          "private": "eyJlMmJmYjczMC1lY2FhLTExZTYtOGY4OC0zNDM2M2JjN2M0YzAiOnsiY3JlYXRlIjo2MDAwMDAwMDAwMDAsImRlbGV0ZSI6NjAwMDAwMDAwMDAwfSwic2NoZW1hX3ZlcnNpb24iOiIxIn0=",
          "depends_on": [
            "aws_vpc.homework3"
          ]
        }
      ]
    },
    {
      "mode": "managed",
      "type": "aws_subnet",
      "name": "prisub",
      "each": "list",
      "provider": "provider.aws",
      "instances": [
        {
          "index_key": 0,
          "schema_version": 1,
          "attributes": {
            "arn": "arn:aws:ec2:us-east-1:555478048938:subnet/subnet-0c0bcb5c8c16c2868",
            "assign_ipv6_address_on_creation": false,
            "availability_zone": "us-east-1a",
            "availability_zone_id": "use1-az1",
            "cidr_block": "10.0.10.0/24",
            "id": "subnet-0c0bcb5c8c16c2868",
            "ipv6_cidr_block": "",
            "ipv6_cidr_block_association_id": "",
            "map_public_ip_on_launch": true,
            "owner_id": "555478048938",
            "tags": {
              "Name": "prisub 0"
            },
            "timeouts": null,
            "vpc_id": "vpc-046c5d6908e088197"
          },
          "private": "eyJlMmJmYjczMC1lY2FhLTExZTYtOGY4OC0zNDM2M2JjN2M0YzAiOnsiY3JlYXRlIjo2MDAwMDAwMDAwMDAsImRlbGV0ZSI6MTIwMDAwMDAwMDAwMH0sInNjaGVtYV92ZXJzaW9uIjoiMSJ9",
          "depends_on": [
            "aws_vpc.homework3",
            "data.aws_availability_zones.available"
          ]
        },
        {
          "index_key": 1,
          "schema_version": 1,
          "attributes": {
            "arn": "arn:aws:ec2:us-east-1:555478048938:subnet/subnet-0180f8a99205eb288",
            "assign_ipv6_address_on_creation": false,
            "availability_zone": "us-east-1b",
            "availability_zone_id": "use1-az2",
            "cidr_block": "10.0.11.0/24",
            "id": "subnet-0180f8a99205eb288",
            "ipv6_cidr_block": "",
            "ipv6_cidr_block_association_id": "",
            "map_public_ip_on_launch": true,
            "owner_id": "555478048938",
            "tags": {
              "Name": "prisub 1"
            },
            "timeouts": null,
            "vpc_id": "vpc-046c5d6908e088197"
          },
          "private": "eyJlMmJmYjczMC1lY2FhLTExZTYtOGY4OC0zNDM2M2JjN2M0YzAiOnsiY3JlYXRlIjo2MDAwMDAwMDAwMDAsImRlbGV0ZSI6MTIwMDAwMDAwMDAwMH0sInNjaGVtYV92ZXJzaW9uIjoiMSJ9",
          "depends_on": [
            "aws_vpc.homework3",
            "data.aws_availability_zones.available"
          ]
        }
      ]
    },
    {
      "mode": "managed",
      "type": "aws_subnet",
      "name": "pubsub",
      "each": "list",
      "provider": "provider.aws",
      "instances": [
        {
          "index_key": 0,
          "schema_version": 1,
          "attributes": {
            "arn": "arn:aws:ec2:us-east-1:555478048938:subnet/subnet-01bf681429278b0fe",
            "assign_ipv6_address_on_creation": false,
            "availability_zone": "us-east-1a",
            "availability_zone_id": "use1-az1",
            "cidr_block": "10.0.2.0/24",
            "id": "subnet-01bf681429278b0fe",
            "ipv6_cidr_block": "",
            "ipv6_cidr_block_association_id": "",
            "map_public_ip_on_launch": true,
            "owner_id": "555478048938",
            "tags": {
              "Name": "pubsub 0"
            },
            "timeouts": null,
            "vpc_id": "vpc-046c5d6908e088197"
          },
          "private": "eyJlMmJmYjczMC1lY2FhLTExZTYtOGY4OC0zNDM2M2JjN2M0YzAiOnsiY3JlYXRlIjo2MDAwMDAwMDAwMDAsImRlbGV0ZSI6MTIwMDAwMDAwMDAwMH0sInNjaGVtYV92ZXJzaW9uIjoiMSJ9",
          "depends_on": [
            "aws_vpc.homework3",
            "data.aws_availability_zones.available"
          ]
        },
        {
          "index_key": 1,
          "schema_version": 1,
          "attributes": {
            "arn": "arn:aws:ec2:us-east-1:555478048938:subnet/subnet-0c2b7de5430579e16",
            "assign_ipv6_address_on_creation": false,
            "availability_zone": "us-east-1b",
            "availability_zone_id": "use1-az2",
            "cidr_block": "10.0.3.0/24",
            "id": "subnet-0c2b7de5430579e16",
            "ipv6_cidr_block": "",
            "ipv6_cidr_block_association_id": "",
            "map_public_ip_on_launch": true,
            "owner_id": "555478048938",
            "tags": {
              "Name": "pubsub 1"
            },
            "timeouts": null,
            "vpc_id": "vpc-046c5d6908e088197"
          },
          "private": "eyJlMmJmYjczMC1lY2FhLTExZTYtOGY4OC0zNDM2M2JjN2M0YzAiOnsiY3JlYXRlIjo2MDAwMDAwMDAwMDAsImRlbGV0ZSI6MTIwMDAwMDAwMDAwMH0sInNjaGVtYV92ZXJzaW9uIjoiMSJ9",
          "depends_on": [
            "aws_vpc.homework3",
            "data.aws_availability_zones.available"
          ]
        }
      ]
    },
    {
      "mode": "managed",
      "type": "aws_vpc",
      "name": "homework3",
      "provider": "provider.aws",
      "instances": [
        {
          "schema_version": 1,
          "attributes": {
            "arn": "arn:aws:ec2:us-east-1:555478048938:vpc/vpc-046c5d6908e088197",
            "assign_generated_ipv6_cidr_block": false,
            "cidr_block": "10.0.0.0/16",
            "default_network_acl_id": "acl-0bab0ffb9b875b52e",
            "default_route_table_id": "rtb-0ab6ba35369ab9d52",
            "default_security_group_id": "sg-04fc9253ab35bf154",
            "dhcp_options_id": "dopt-611dee1b",
            "enable_classiclink": false,
            "enable_classiclink_dns_support": false,
            "enable_dns_hostnames": true,
            "enable_dns_support": true,
            "id": "vpc-046c5d6908e088197",
            "instance_tenancy": "default",
            "ipv6_association_id": "",
            "ipv6_cidr_block": "",
            "main_route_table_id": "rtb-0ab6ba35369ab9d52",
            "owner_id": "555478048938",
            "tags": {
              "Name": "homework3"
            }
          },
          "private": "eyJzY2hlbWFfdmVyc2lvbiI6IjEifQ=="
        }
      ]
    },
    {
      "mode": "managed",
      "type": "local_file",
      "name": "servers",
      "provider": "provider.local",
      "instances": [
        {
          "schema_version": 0,
          "attributes": {
            "content": null,
            "content_base64": null,
            "directory_permission": "0777",
            "file_permission": "0777",
            "filename": "servers.pem",
            "id": "d813b450536ea5fc0b0c952d93c3c2d7fd7d9f16",
            "sensitive_content": "-----BEGIN RSA PRIVATE KEY-----\nMIIJKAIBAAKCAgEAv6L0ru48yHgIPpxD9zIs0eBG4jomFI5jeuqMpeBWxQwWu8kW\n6Rk6TiZuCRFctInI5hyVeX0PkjCXt4jLMQUbh86X1p27nXok3tSUlgvEzmxrftGQ\n/HIg+ul/uDscIh0D8CxrGkBMA+AU0cJncM76oOH7Wk7qFpO11xGlOPUP1bWxXxRl\n10Vf/h7PZ14KN/Psj8/ViRFQWeO32bz2ytzSNTChFKcgNbBh0k6DVrP7m1Uvrmjw\nCkxZEPR26nzYlq3sx/Gskjo1MYfuHzz8qGXPszHTGfYMM1tbaKKLyRCxBpcNJ4Dg\nPWQK/vY2ajRL6VjZSr0lGo6TQDjXgPH6smyG0Rn3MfyyTU1etXj0vHefJxOYIhr1\nFzYp8eAzsqjcINBj0FOUSEfjtFcRN325fX6ndmuRPS5F996vXIDjyBFkjac4mP9t\n8As4/YO1mccK4/GBsH4Oy+mtcV72/2qnGvv5hMzHId7qoQh3BucclEYb9vxPv4pB\nyynE45CRw27QxQjaGhSxuUDmPDoVRZKff1zqPMQUNIEbBBObFpdWnbGlpTmvArtk\nkeIkL3xP+uO9v4tEf33Lb2z3fo04pWBhmEd8y2gvxoPLUXWk+qayYVNP/70jYQmh\nkaxQ39ZtbMtpNM+tlMu6e58+HJv8udqlHih3K4GNtOYCJ2hHW+3SJQU3MYcCAwEA\nAQKCAgBwScq3qY7iJDsofKXydWr/uzutmUbw6pHt1vt8wpv1L+UuOWD8SrT4T9pP\n4+V/P/EArKUFH7t8/I4Zk8UDvytngy1DKv9hAc4S51r9JH44Oh0unRsoYLNkcmdN\nCw2sC3ZgR5amNiCUcLuiQRgdaJpApMmEHBNcEUcOcx9t5WJW5fS9cpVN8y+RFnqO\n5fJ04K+vgKdtfkCnux/iLLArJALj+c+Y62ibLPPUp/6bUjDOzrZ2qrRkRGI35ha7\nxVWfzN+eNMTaldLPaAemNDUTczylkj9QyfRSL2i7QetIcEhaRS4HBKPgNPugc6Jk\nzqngXBhOi8/u5LXxfpz/yEoOPDstyrWREx+CEWWa6sAPBmHkr0k34oU2rnQ0E3VH\nopVC3nvFvGdcn4d6lR0vT8WT/2WRP6TrmOJO9k+/X0DHTJ+hhF/d6/YG6shAISJx\n1sKSLCFdrYQZH5UnH1unqVxqKVUQNIo5pHj93711ITdTEoPLAGwDBXzSagx1shss\nzdW7tjWRTNGJ5umqYbP5qtr/mhG2WT+2YLxDAsA84qaOlUtjSqKk7275pd94jUT/\nY3rs4qhYdGU3CSNU6O/+ASDO6HFlS1YJsGaOb4tHPIqcGojU5go51/ILSQbZDwov\nQkvcz9LMuT3UOAdCNNJYyRT8f6qdUl+VXVdtUdnL6y1ji8hWGQKCAQEAwGqMWZRl\ndGc/CaNCuvS9zrmiimmOo81pKln05acrRAf2FE+IMqD3/xGhi/ffVIDQ1xQA2WHP\nDHr1NkjUaqxTUcDcgO6XVVapj7y7lptYAfHVuhXkjOjGKMGyjAv0Xa+BUt20lGWD\n/HHGVgPWeaziStL3oLq6tgyf4eSJgekMldPat5Ve/cTKSWbQNvKMbryhrbKE9Csm\nNCWxCDCiDxWdRinKhHNexBa/SCkahR1zdym3UVO7mKxF43CFdTE976w893Ts4WO3\nVXUwU3zfw1LrPcd3V0a3yMTEnGvKtHWZRuuNaPpnSrtiPxHGtabqVpEDoUmJyL5h\nb3+65zjJB3s0TQKCAQEA/vZzzqUneSGek/2lWKKvLekOkAmphQ5QAeZHwoVapAOP\nXi/luQkmWbF3BM9VFH6S02ZXYP3W/hDEOp/r2UkTlN0O8JaRFWg7UViLrTkbxica\n8B6J3DrQeVrHd1yP9Q8GXY5tliCKWkGa1wZu6/Q4eI/pKU6WHbdYmsxMpRVcwj2Q\nC7NbcG6uXOBT935mg3qUvb5VHdefUjNarGy2f2/jU0xe34MAg1enTdPY+SqthM6L\nDOP/K++Ohp3cCHMJn5qnJDkWMJzZMl48vJE54G8AOb1xx1d9W4KLyM7FwkQtlfk3\nk9odnF9M+NEStR4Oxsq62i/kBERLqp1I9HUdjuy3IwKCAQEAmbtHITcQC/2FfuTC\npu5tS+JC/AU0Iqk2EdFHecijJ7qYoEee0JyNJ2xlvpevBivZL03bE9Mygo0mp1Vu\n6T9/Xj0Rr61wmY0g8idfVQgOO5eFJCTjsrUzxVJkncHbXpKfZ56c7UdiOWqJhSWR\n0SsQral6kR8/l73ka62VM4cIOBjIkY61E1mMKTMMvinxi3QIVOfhk9d5sYY/uARr\nJlQlkO5I0KQAnfhyoWu9tYb/PsDEpySYKHXTbND0v9o02u2o1CjGLZnm209C6iFG\nAh+YtYZNUhy9L5oOX887aAzhBqmiFLKjnjCyYSOJuI6AgeNgnBdOD2YUIOpTYPOc\noe6MrQKCAQAkXvn0P6Ea6Y3apLNiqop87SMzrv0syvbk3nncKPPeM9fO4txNgh2j\na+qDmCQV8Vx2pcHPR0bVJYUoq8mUTJVrhgFslr4JpL3Zg90hD+WDZe601FZsQUOe\nHDIaN+0dU1BgJkJByVCTQYqaJAPMyyEHKdhkGR7XDGGqa3x/jEWYO/oBgUuJBXEA\nNMwloTV0ihcP3kf8ItdKfaLwt+1szoRKTLm3/tMi6W0ncBIisVDhgilZ5GhxVxIo\n5/oMhoSX7RLs2uvscWOWiNT3PWxZNNx+YCUL/9IVLNFOCxkw9lLecxfXkqTourub\nPxABIFGRUDhJic1oQmnc4+UVYmOeEOyrAoIBAFj/J7BV9M0tYv8c+KsaR6zjXLXa\npTY0iHtmLIsine/3txfRe3WpbCiNknbdclXHOPw6fVlvz/ccgfiYjYnolW7e2JId\n3YO6A7rSgogypsicHTz33StAFhceuFB/OiSUrj+P4I+cErXsZODxJYPdIm97yt9R\nSq9QDxJ9u7udH1ZH8CM/oxc5trrEjFLs8r7IJtOWky5hBoNoH4/W3TFA4eY9WPdf\nmiEM851i7Gg+OdB1cuZWavk0irT/Tj8MIHOOAmc6pzLb9aq16AU2wIZl0NO+zPZ4\nxzQ08uXTcGQThNLUrWJYAeQCREP4ni5/QuAZmXU+3fbQqJre/gVrYRXTc8g=\n-----END RSA PRIVATE KEY-----\n"
          },
          "private": "bnVsbA==",
          "depends_on": [
            "tls_private_key.servers"
          ]
        }
      ]
    },
    {
      "mode": "managed",
      "type": "tls_private_key",
      "name": "servers",
      "provider": "provider.tls",
      "instances": [
        {
          "schema_version": 0,
          "attributes": {
            "algorithm": "RSA",
            "ecdsa_curve": "P224",
            "id": "600374fd3027ba87ac06f8c8f0768b4e73f9ad33",
            "private_key_pem": "-----BEGIN RSA PRIVATE KEY-----\nMIIJKAIBAAKCAgEAv6L0ru48yHgIPpxD9zIs0eBG4jomFI5jeuqMpeBWxQwWu8kW\n6Rk6TiZuCRFctInI5hyVeX0PkjCXt4jLMQUbh86X1p27nXok3tSUlgvEzmxrftGQ\n/HIg+ul/uDscIh0D8CxrGkBMA+AU0cJncM76oOH7Wk7qFpO11xGlOPUP1bWxXxRl\n10Vf/h7PZ14KN/Psj8/ViRFQWeO32bz2ytzSNTChFKcgNbBh0k6DVrP7m1Uvrmjw\nCkxZEPR26nzYlq3sx/Gskjo1MYfuHzz8qGXPszHTGfYMM1tbaKKLyRCxBpcNJ4Dg\nPWQK/vY2ajRL6VjZSr0lGo6TQDjXgPH6smyG0Rn3MfyyTU1etXj0vHefJxOYIhr1\nFzYp8eAzsqjcINBj0FOUSEfjtFcRN325fX6ndmuRPS5F996vXIDjyBFkjac4mP9t\n8As4/YO1mccK4/GBsH4Oy+mtcV72/2qnGvv5hMzHId7qoQh3BucclEYb9vxPv4pB\nyynE45CRw27QxQjaGhSxuUDmPDoVRZKff1zqPMQUNIEbBBObFpdWnbGlpTmvArtk\nkeIkL3xP+uO9v4tEf33Lb2z3fo04pWBhmEd8y2gvxoPLUXWk+qayYVNP/70jYQmh\nkaxQ39ZtbMtpNM+tlMu6e58+HJv8udqlHih3K4GNtOYCJ2hHW+3SJQU3MYcCAwEA\nAQKCAgBwScq3qY7iJDsofKXydWr/uzutmUbw6pHt1vt8wpv1L+UuOWD8SrT4T9pP\n4+V/P/EArKUFH7t8/I4Zk8UDvytngy1DKv9hAc4S51r9JH44Oh0unRsoYLNkcmdN\nCw2sC3ZgR5amNiCUcLuiQRgdaJpApMmEHBNcEUcOcx9t5WJW5fS9cpVN8y+RFnqO\n5fJ04K+vgKdtfkCnux/iLLArJALj+c+Y62ibLPPUp/6bUjDOzrZ2qrRkRGI35ha7\nxVWfzN+eNMTaldLPaAemNDUTczylkj9QyfRSL2i7QetIcEhaRS4HBKPgNPugc6Jk\nzqngXBhOi8/u5LXxfpz/yEoOPDstyrWREx+CEWWa6sAPBmHkr0k34oU2rnQ0E3VH\nopVC3nvFvGdcn4d6lR0vT8WT/2WRP6TrmOJO9k+/X0DHTJ+hhF/d6/YG6shAISJx\n1sKSLCFdrYQZH5UnH1unqVxqKVUQNIo5pHj93711ITdTEoPLAGwDBXzSagx1shss\nzdW7tjWRTNGJ5umqYbP5qtr/mhG2WT+2YLxDAsA84qaOlUtjSqKk7275pd94jUT/\nY3rs4qhYdGU3CSNU6O/+ASDO6HFlS1YJsGaOb4tHPIqcGojU5go51/ILSQbZDwov\nQkvcz9LMuT3UOAdCNNJYyRT8f6qdUl+VXVdtUdnL6y1ji8hWGQKCAQEAwGqMWZRl\ndGc/CaNCuvS9zrmiimmOo81pKln05acrRAf2FE+IMqD3/xGhi/ffVIDQ1xQA2WHP\nDHr1NkjUaqxTUcDcgO6XVVapj7y7lptYAfHVuhXkjOjGKMGyjAv0Xa+BUt20lGWD\n/HHGVgPWeaziStL3oLq6tgyf4eSJgekMldPat5Ve/cTKSWbQNvKMbryhrbKE9Csm\nNCWxCDCiDxWdRinKhHNexBa/SCkahR1zdym3UVO7mKxF43CFdTE976w893Ts4WO3\nVXUwU3zfw1LrPcd3V0a3yMTEnGvKtHWZRuuNaPpnSrtiPxHGtabqVpEDoUmJyL5h\nb3+65zjJB3s0TQKCAQEA/vZzzqUneSGek/2lWKKvLekOkAmphQ5QAeZHwoVapAOP\nXi/luQkmWbF3BM9VFH6S02ZXYP3W/hDEOp/r2UkTlN0O8JaRFWg7UViLrTkbxica\n8B6J3DrQeVrHd1yP9Q8GXY5tliCKWkGa1wZu6/Q4eI/pKU6WHbdYmsxMpRVcwj2Q\nC7NbcG6uXOBT935mg3qUvb5VHdefUjNarGy2f2/jU0xe34MAg1enTdPY+SqthM6L\nDOP/K++Ohp3cCHMJn5qnJDkWMJzZMl48vJE54G8AOb1xx1d9W4KLyM7FwkQtlfk3\nk9odnF9M+NEStR4Oxsq62i/kBERLqp1I9HUdjuy3IwKCAQEAmbtHITcQC/2FfuTC\npu5tS+JC/AU0Iqk2EdFHecijJ7qYoEee0JyNJ2xlvpevBivZL03bE9Mygo0mp1Vu\n6T9/Xj0Rr61wmY0g8idfVQgOO5eFJCTjsrUzxVJkncHbXpKfZ56c7UdiOWqJhSWR\n0SsQral6kR8/l73ka62VM4cIOBjIkY61E1mMKTMMvinxi3QIVOfhk9d5sYY/uARr\nJlQlkO5I0KQAnfhyoWu9tYb/PsDEpySYKHXTbND0v9o02u2o1CjGLZnm209C6iFG\nAh+YtYZNUhy9L5oOX887aAzhBqmiFLKjnjCyYSOJuI6AgeNgnBdOD2YUIOpTYPOc\noe6MrQKCAQAkXvn0P6Ea6Y3apLNiqop87SMzrv0syvbk3nncKPPeM9fO4txNgh2j\na+qDmCQV8Vx2pcHPR0bVJYUoq8mUTJVrhgFslr4JpL3Zg90hD+WDZe601FZsQUOe\nHDIaN+0dU1BgJkJByVCTQYqaJAPMyyEHKdhkGR7XDGGqa3x/jEWYO/oBgUuJBXEA\nNMwloTV0ihcP3kf8ItdKfaLwt+1szoRKTLm3/tMi6W0ncBIisVDhgilZ5GhxVxIo\n5/oMhoSX7RLs2uvscWOWiNT3PWxZNNx+YCUL/9IVLNFOCxkw9lLecxfXkqTourub\nPxABIFGRUDhJic1oQmnc4+UVYmOeEOyrAoIBAFj/J7BV9M0tYv8c+KsaR6zjXLXa\npTY0iHtmLIsine/3txfRe3WpbCiNknbdclXHOPw6fVlvz/ccgfiYjYnolW7e2JId\n3YO6A7rSgogypsicHTz33StAFhceuFB/OiSUrj+P4I+cErXsZODxJYPdIm97yt9R\nSq9QDxJ9u7udH1ZH8CM/oxc5trrEjFLs8r7IJtOWky5hBoNoH4/W3TFA4eY9WPdf\nmiEM851i7Gg+OdB1cuZWavk0irT/Tj8MIHOOAmc6pzLb9aq16AU2wIZl0NO+zPZ4\nxzQ08uXTcGQThNLUrWJYAeQCREP4ni5/QuAZmXU+3fbQqJre/gVrYRXTc8g=\n-----END RSA PRIVATE KEY-----\n",
            "public_key_fingerprint_md5": "fe:87:6e:47:1e:b2:52:5f:b4:3a:27:48:ad:ad:00:95",
            "public_key_openssh": "ssh-rsa AAAAB3NzaC1yc2EAAAADAQABAAACAQC/ovSu7jzIeAg+nEP3MizR4EbiOiYUjmN66oyl4FbFDBa7yRbpGTpOJm4JEVy0icjmHJV5fQ+SMJe3iMsxBRuHzpfWnbudeiTe1JSWC8TObGt+0ZD8ciD66X+4OxwiHQPwLGsaQEwD4BTRwmdwzvqg4ftaTuoWk7XXEaU49Q/VtbFfFGXXRV/+Hs9nXgo38+yPz9WJEVBZ47fZvPbK3NI1MKEUpyA1sGHSToNWs/ubVS+uaPAKTFkQ9HbqfNiWrezH8aySOjUxh+4fPPyoZc+zMdMZ9gwzW1tooovJELEGlw0ngOA9ZAr+9jZqNEvpWNlKvSUajpNAONeA8fqybIbRGfcx/LJNTV61ePS8d58nE5giGvUXNinx4DOyqNwg0GPQU5RIR+O0VxE3fbl9fqd2a5E9LkX33q9cgOPIEWSNpziY/23wCzj9g7WZxwrj8YGwfg7L6a1xXvb/aqca+/mEzMch3uqhCHcG5xyURhv2/E+/ikHLKcTjkJHDbtDFCNoaFLG5QOY8OhVFkp9/XOo8xBQ0gRsEE5sWl1adsaWlOa8Cu2SR4iQvfE/6472/i0R/fctvbPd+jTilYGGYR3zLaC/Gg8tRdaT6prJhU0//vSNhCaGRrFDf1m1sy2k0z62Uy7p7nz4cm/y52qUeKHcrgY205gInaEdb7dIlBTcxhw==\n",
            "public_key_pem": "-----BEGIN PUBLIC KEY-----\nMIICIjANBgkqhkiG9w0BAQEFAAOCAg8AMIICCgKCAgEAv6L0ru48yHgIPpxD9zIs\n0eBG4jomFI5jeuqMpeBWxQwWu8kW6Rk6TiZuCRFctInI5hyVeX0PkjCXt4jLMQUb\nh86X1p27nXok3tSUlgvEzmxrftGQ/HIg+ul/uDscIh0D8CxrGkBMA+AU0cJncM76\noOH7Wk7qFpO11xGlOPUP1bWxXxRl10Vf/h7PZ14KN/Psj8/ViRFQWeO32bz2ytzS\nNTChFKcgNbBh0k6DVrP7m1UvrmjwCkxZEPR26nzYlq3sx/Gskjo1MYfuHzz8qGXP\nszHTGfYMM1tbaKKLyRCxBpcNJ4DgPWQK/vY2ajRL6VjZSr0lGo6TQDjXgPH6smyG\n0Rn3MfyyTU1etXj0vHefJxOYIhr1FzYp8eAzsqjcINBj0FOUSEfjtFcRN325fX6n\ndmuRPS5F996vXIDjyBFkjac4mP9t8As4/YO1mccK4/GBsH4Oy+mtcV72/2qnGvv5\nhMzHId7qoQh3BucclEYb9vxPv4pByynE45CRw27QxQjaGhSxuUDmPDoVRZKff1zq\nPMQUNIEbBBObFpdWnbGlpTmvArtkkeIkL3xP+uO9v4tEf33Lb2z3fo04pWBhmEd8\ny2gvxoPLUXWk+qayYVNP/70jYQmhkaxQ39ZtbMtpNM+tlMu6e58+HJv8udqlHih3\nK4GNtOYCJ2hHW+3SJQU3MYcCAwEAAQ==\n-----END PUBLIC KEY-----\n",
            "rsa_bits": 4096
          },
          "private": "bnVsbA=="
        }
      ]
    }
  ]
}
