{
  "version": 4,
  "terraform_version": "0.12.13",
  "serial": 2342,
  "lineage": "246dbdf1-e2db-a12d-c0d8-1046f37c3510",
  "outputs": {
    "DB_server_private_ip": {
      "value": [
        "10.0.10.72",
        "10.0.11.22"
      ],
      "type": [
        "tuple",
        [
          "string",
          "string"
        ]
      ]
    },
    "web_server_public_ip": {
      "value": [
        "18.213.115.214",
        "34.205.72.152"
      ],
      "type": [
        "tuple",
        [
          "string",
          "string"
        ]
      ]
    }
  },
  "resources": [
    {
      "mode": "data",
      "type": "aws_ami",
      "name": "ubuntu",
      "provider": "provider.aws",
      "instances": [
        {
          "schema_version": 0,
          "attributes": {
            "architecture": "x86_64",
            "block_device_mappings": [
              {
                "device_name": "/dev/sda1",
                "ebs": {
                  "delete_on_termination": "true",
                  "encrypted": "false",
                  "iops": "0",
                  "snapshot_id": "snap-029907fe15340e01b",
                  "volume_size": "8",
                  "volume_type": "gp2"
                },
                "no_device": "",
                "virtual_name": ""
              },
              {
                "device_name": "/dev/sdb",
                "ebs": {},
                "no_device": "",
                "virtual_name": "ephemeral0"
              },
              {
                "device_name": "/dev/sdc",
                "ebs": {},
                "no_device": "",
                "virtual_name": "ephemeral1"
              }
            ],
            "creation_date": "2019-11-13T19:28:03.000Z",
            "description": "Canonical, Ubuntu, 18.04 LTS, amd64 bionic image build on 2019-11-13",
            "executable_users": null,
            "filter": [
              {
                "name": "name",
                "values": [
                  "ubuntu/images/hvm-ssd/ubuntu-bionic-18.04-amd64-server-*"
                ]
              },
              {
                "name": "virtualization-type",
                "values": [
                  "hvm"
                ]
              }
            ],
            "hypervisor": "xen",
            "id": "ami-00a208c7cdba991ea",
            "image_id": "ami-00a208c7cdba991ea",
            "image_location": "099720109477/ubuntu/images/hvm-ssd/ubuntu-bionic-18.04-amd64-server-20191113",
            "image_owner_alias": null,
            "image_type": "machine",
            "kernel_id": null,
            "most_recent": true,
            "name": "ubuntu/images/hvm-ssd/ubuntu-bionic-18.04-amd64-server-20191113",
            "name_regex": null,
            "owner_id": "099720109477",
            "owners": [
              "099720109477"
            ],
            "platform": null,
            "product_codes": [],
            "public": true,
            "ramdisk_id": null,
            "root_device_name": "/dev/sda1",
            "root_device_type": "ebs",
            "root_snapshot_id": "snap-029907fe15340e01b",
            "sriov_net_support": "simple",
            "state": "available",
            "state_reason": {
              "code": "UNSET",
              "message": "UNSET"
            },
            "tags": {},
            "virtualization_type": "hvm"
          }
        }
      ]
    },
    {
      "mode": "data",
      "type": "aws_availability_zones",
      "name": "available",
      "provider": "provider.aws",
      "instances": [
        {
          "schema_version": 0,
          "attributes": {
            "blacklisted_names": null,
            "blacklisted_zone_ids": null,
            "id": "2019-11-26 09:30:32.903581 +0000 UTC",
            "names": [
              "us-east-1a",
              "us-east-1b",
              "us-east-1c",
              "us-east-1d",
              "us-east-1e",
              "us-east-1f"
            ],
            "state": null,
            "zone_ids": [
              "use1-az1",
              "use1-az2",
              "use1-az4",
              "use1-az6",
              "use1-az3",
              "use1-az5"
            ]
          }
        }
      ]
    },
    {
      "mode": "data",
      "type": "aws_subnet",
      "name": "private",
      "each": "list",
      "provider": "provider.aws",
      "instances": [
        {
          "index_key": 0,
          "schema_version": 0,
          "attributes": {
            "arn": "arn:aws:ec2:us-east-1:555478048938:subnet/subnet-08f9564894d706d1e",
            "assign_ipv6_address_on_creation": false,
            "availability_zone": "us-east-1a",
            "availability_zone_id": "use1-az1",
            "cidr_block": "10.0.10.0/24",
            "default_for_az": false,
            "filter": null,
            "id": "subnet-08f9564894d706d1e",
            "ipv6_cidr_block": null,
            "ipv6_cidr_block_association_id": null,
            "map_public_ip_on_launch": true,
            "owner_id": "555478048938",
            "state": "available",
            "tags": {
              "Name": "prisub 0"
            },
            "vpc_id": "vpc-05e8cb9daca9e2147"
          },
          "depends_on": [
            "aws_subnet.prisub"
          ]
        },
        {
          "index_key": 1,
          "schema_version": 0,
          "attributes": {
            "arn": "arn:aws:ec2:us-east-1:555478048938:subnet/subnet-00218406ba007e1ac",
            "assign_ipv6_address_on_creation": false,
            "availability_zone": "us-east-1b",
            "availability_zone_id": "use1-az2",
            "cidr_block": "10.0.11.0/24",
            "default_for_az": false,
            "filter": null,
            "id": "subnet-00218406ba007e1ac",
            "ipv6_cidr_block": null,
            "ipv6_cidr_block_association_id": null,
            "map_public_ip_on_launch": true,
            "owner_id": "555478048938",
            "state": "available",
            "tags": {
              "Name": "prisub 1"
            },
            "vpc_id": "vpc-05e8cb9daca9e2147"
          },
          "depends_on": [
            "aws_subnet.prisub"
          ]
        }
      ]
    },
    {
      "mode": "managed",
      "type": "aws_eip",
      "name": "nateip",
      "each": "list",
      "provider": "provider.aws",
      "instances": [
        {
          "index_key": 0,
          "schema_version": 0,
          "attributes": {
            "allocation_id": null,
            "associate_with_private_ip": null,
            "association_id": "",
            "domain": "vpc",
            "id": "eipalloc-081be36b311c22ff1",
            "instance": "",
            "network_interface": "",
            "private_dns": null,
            "private_ip": "",
            "public_dns": "ec2-52-207-136-25.compute-1.amazonaws.com",
            "public_ip": "52.207.136.25",
            "public_ipv4_pool": "amazon",
            "tags": null,
            "timeouts": null,
            "vpc": true
          },
          "private": "eyJlMmJmYjczMC1lY2FhLTExZTYtOGY4OC0zNDM2M2JjN2M0YzAiOnsiZGVsZXRlIjoxODAwMDAwMDAwMDAsInJlYWQiOjkwMDAwMDAwMDAwMCwidXBkYXRlIjozMDAwMDAwMDAwMDB9fQ=="
        },
        {
          "index_key": 1,
          "schema_version": 0,
          "attributes": {
            "allocation_id": null,
            "associate_with_private_ip": null,
            "association_id": "",
            "domain": "vpc",
            "id": "eipalloc-0d8c84f7cff8d8da0",
            "instance": "",
            "network_interface": "",
            "private_dns": null,
            "private_ip": "",
            "public_dns": "ec2-3-225-26-208.compute-1.amazonaws.com",
            "public_ip": "3.225.26.208",
            "public_ipv4_pool": "amazon",
            "tags": null,
            "timeouts": null,
            "vpc": true
          },
          "private": "eyJlMmJmYjczMC1lY2FhLTExZTYtOGY4OC0zNDM2M2JjN2M0YzAiOnsiZGVsZXRlIjoxODAwMDAwMDAwMDAsInJlYWQiOjkwMDAwMDAwMDAwMCwidXBkYXRlIjozMDAwMDAwMDAwMDB9fQ=="
        }
      ]
    },
    {
      "mode": "managed",
      "type": "aws_instance",
      "name": "DB",
      "each": "list",
      "provider": "provider.aws",
      "instances": [
        {
          "index_key": 0,
          "schema_version": 1,
          "attributes": {
            "ami": "ami-024582e76075564db",
            "arn": "arn:aws:ec2:us-east-1:555478048938:instance/i-0ad68c187033adb1a",
            "associate_public_ip_address": true,
            "availability_zone": "us-east-1a",
            "cpu_core_count": 1,
            "cpu_threads_per_core": 1,
            "credit_specification": [
              {
                "cpu_credits": "standard"
              }
            ],
            "disable_api_termination": false,
            "ebs_block_device": [],
            "ebs_optimized": false,
            "ephemeral_block_device": [],
            "get_password_data": false,
            "host_id": null,
            "iam_instance_profile": "",
            "id": "i-0ad68c187033adb1a",
            "instance_initiated_shutdown_behavior": null,
            "instance_state": "running",
            "instance_type": "t2.micro",
            "ipv6_address_count": 0,
            "ipv6_addresses": [],
            "key_name": "servers",
            "monitoring": false,
            "network_interface": [],
            "network_interface_id": null,
            "password_data": "",
            "placement_group": "",
            "primary_network_interface_id": "eni-059be298a22a9a664",
            "private_dns": "ip-10-0-10-72.ec2.internal",
            "private_ip": "10.0.10.72",
            "public_dns": "ec2-18-213-247-203.compute-1.amazonaws.com",
            "public_ip": "18.213.247.203",
            "root_block_device": [
              {
                "delete_on_termination": true,
                "encrypted": false,
                "iops": 100,
                "kms_key_id": "",
                "volume_id": "vol-04d56c3360b73d0db",
                "volume_size": 8,
                "volume_type": "gp2"
              }
            ],
            "security_groups": [],
            "source_dest_check": true,
            "subnet_id": "subnet-08f9564894d706d1e",
            "tags": {
              "Name": "DB 0"
            },
            "tenancy": "default",
            "timeouts": null,
            "user_data": null,
            "user_data_base64": null,
            "volume_tags": {},
            "vpc_security_group_ids": [
              "sg-04b7061edb5d49104"
            ]
          },
          "private": "eyJlMmJmYjczMC1lY2FhLTExZTYtOGY4OC0zNDM2M2JjN2M0YzAiOnsiY3JlYXRlIjo2MDAwMDAwMDAwMDAsImRlbGV0ZSI6MTIwMDAwMDAwMDAwMCwidXBkYXRlIjo2MDAwMDAwMDAwMDB9LCJzY2hlbWFfdmVyc2lvbiI6IjEifQ==",
          "depends_on": [
            "aws_key_pair.servers",
            "aws_security_group.nat",
            "data.aws_availability_zones.available",
            "data.aws_subnet.private"
          ]
        },
        {
          "index_key": 1,
          "schema_version": 1,
          "attributes": {
            "ami": "ami-024582e76075564db",
            "arn": "arn:aws:ec2:us-east-1:555478048938:instance/i-081a7a7332ce0be8b",
            "associate_public_ip_address": true,
            "availability_zone": "us-east-1b",
            "cpu_core_count": 1,
            "cpu_threads_per_core": 1,
            "credit_specification": [
              {
                "cpu_credits": "standard"
              }
            ],
            "disable_api_termination": false,
            "ebs_block_device": [],
            "ebs_optimized": false,
            "ephemeral_block_device": [],
            "get_password_data": false,
            "host_id": null,
            "iam_instance_profile": "",
            "id": "i-081a7a7332ce0be8b",
            "instance_initiated_shutdown_behavior": null,
            "instance_state": "running",
            "instance_type": "t2.micro",
            "ipv6_address_count": 0,
            "ipv6_addresses": [],
            "key_name": "servers",
            "monitoring": false,
            "network_interface": [],
            "network_interface_id": null,
            "password_data": "",
            "placement_group": "",
            "primary_network_interface_id": "eni-056b6fe117f4ec1b7",
            "private_dns": "ip-10-0-11-22.ec2.internal",
            "private_ip": "10.0.11.22",
            "public_dns": "ec2-3-83-205-140.compute-1.amazonaws.com",
            "public_ip": "3.83.205.140",
            "root_block_device": [
              {
                "delete_on_termination": true,
                "encrypted": false,
                "iops": 100,
                "kms_key_id": "",
                "volume_id": "vol-0dd52638edec21214",
                "volume_size": 8,
                "volume_type": "gp2"
              }
            ],
            "security_groups": [],
            "source_dest_check": true,
            "subnet_id": "subnet-00218406ba007e1ac",
            "tags": {
              "Name": "DB 1"
            },
            "tenancy": "default",
            "timeouts": null,
            "user_data": null,
            "user_data_base64": null,
            "volume_tags": {},
            "vpc_security_group_ids": [
              "sg-04b7061edb5d49104"
            ]
          },
          "private": "eyJlMmJmYjczMC1lY2FhLTExZTYtOGY4OC0zNDM2M2JjN2M0YzAiOnsiY3JlYXRlIjo2MDAwMDAwMDAwMDAsImRlbGV0ZSI6MTIwMDAwMDAwMDAwMCwidXBkYXRlIjo2MDAwMDAwMDAwMDB9LCJzY2hlbWFfdmVyc2lvbiI6IjEifQ==",
          "depends_on": [
            "aws_key_pair.servers",
            "aws_security_group.nat",
            "data.aws_availability_zones.available",
            "data.aws_subnet.private"
          ]
        }
      ]
    },
    {
      "mode": "managed",
      "type": "aws_instance",
      "name": "web",
      "each": "list",
      "provider": "provider.aws",
      "instances": [
        {
          "index_key": 0,
          "schema_version": 1,
          "attributes": {
            "ami": "ami-024582e76075564db",
            "arn": "arn:aws:ec2:us-east-1:555478048938:instance/i-09d25518de6215011",
            "associate_public_ip_address": true,
            "availability_zone": "us-east-1a",
            "cpu_core_count": 1,
            "cpu_threads_per_core": 1,
            "credit_specification": [
              {
                "cpu_credits": "standard"
              }
            ],
            "disable_api_termination": false,
            "ebs_block_device": [],
            "ebs_optimized": false,
            "ephemeral_block_device": [],
            "get_password_data": false,
            "host_id": null,
            "iam_instance_profile": "",
            "id": "i-09d25518de6215011",
            "instance_initiated_shutdown_behavior": null,
            "instance_state": "running",
            "instance_type": "t2.micro",
            "ipv6_address_count": 0,
            "ipv6_addresses": [],
            "key_name": "servers",
            "monitoring": false,
            "network_interface": [],
            "network_interface_id": null,
            "password_data": "",
            "placement_group": "",
            "primary_network_interface_id": "eni-058ec8aaa74b273f5",
            "private_dns": "ip-10-0-2-199.ec2.internal",
            "private_ip": "10.0.2.199",
            "public_dns": "ec2-18-213-115-214.compute-1.amazonaws.com",
            "public_ip": "18.213.115.214",
            "root_block_device": [
              {
                "delete_on_termination": true,
                "encrypted": false,
                "iops": 100,
                "kms_key_id": "",
                "volume_id": "vol-04a574b97a823bfff",
                "volume_size": 8,
                "volume_type": "gp2"
              }
            ],
            "security_groups": [],
            "source_dest_check": true,
            "subnet_id": "subnet-0d93ed7325e239604",
            "tags": {
              "Name": "ngnix 0"
            },
            "tenancy": "default",
            "timeouts": null,
            "user_data": "02f6c402a37bde99250acc5e7c2cc3f935e73f61",
            "user_data_base64": null,
            "volume_tags": {},
            "vpc_security_group_ids": [
              "sg-04c735061eb24c3e8"
            ]
          },
          "private": "eyJlMmJmYjczMC1lY2FhLTExZTYtOGY4OC0zNDM2M2JjN2M0YzAiOnsiY3JlYXRlIjo2MDAwMDAwMDAwMDAsImRlbGV0ZSI6MTIwMDAwMDAwMDAwMCwidXBkYXRlIjo2MDAwMDAwMDAwMDB9LCJzY2hlbWFfdmVyc2lvbiI6IjEifQ==",
          "depends_on": [
            "aws_key_pair.servers",
            "aws_security_group.nginx",
            "aws_subnet.pubsub",
            "data.aws_availability_zones.available"
          ]
        },
        {
          "index_key": 1,
          "schema_version": 1,
          "attributes": {
            "ami": "ami-024582e76075564db",
            "arn": "arn:aws:ec2:us-east-1:555478048938:instance/i-06f162f58f923a4cf",
            "associate_public_ip_address": true,
            "availability_zone": "us-east-1b",
            "cpu_core_count": 1,
            "cpu_threads_per_core": 1,
            "credit_specification": [
              {
                "cpu_credits": "standard"
              }
            ],
            "disable_api_termination": false,
            "ebs_block_device": [],
            "ebs_optimized": false,
            "ephemeral_block_device": [],
            "get_password_data": false,
            "host_id": null,
            "iam_instance_profile": "",
            "id": "i-06f162f58f923a4cf",
            "instance_initiated_shutdown_behavior": null,
            "instance_state": "running",
            "instance_type": "t2.micro",
            "ipv6_address_count": 0,
            "ipv6_addresses": [],
            "key_name": "servers",
            "monitoring": false,
            "network_interface": [],
            "network_interface_id": null,
            "password_data": "",
            "placement_group": "",
            "primary_network_interface_id": "eni-04af85a91eac67840",
            "private_dns": "ip-10-0-3-101.ec2.internal",
            "private_ip": "10.0.3.101",
            "public_dns": "ec2-34-205-72-152.compute-1.amazonaws.com",
            "public_ip": "34.205.72.152",
            "root_block_device": [
              {
                "delete_on_termination": true,
                "encrypted": false,
                "iops": 100,
                "kms_key_id": "",
                "volume_id": "vol-06a59edd34a23dca7",
                "volume_size": 8,
                "volume_type": "gp2"
              }
            ],
            "security_groups": [],
            "source_dest_check": true,
            "subnet_id": "subnet-0eb306209728ad3fc",
            "tags": {
              "Name": "ngnix 1"
            },
            "tenancy": "default",
            "timeouts": null,
            "user_data": "02f6c402a37bde99250acc5e7c2cc3f935e73f61",
            "user_data_base64": null,
            "volume_tags": {},
            "vpc_security_group_ids": [
              "sg-04c735061eb24c3e8"
            ]
          },
          "private": "eyJlMmJmYjczMC1lY2FhLTExZTYtOGY4OC0zNDM2M2JjN2M0YzAiOnsiY3JlYXRlIjo2MDAwMDAwMDAwMDAsImRlbGV0ZSI6MTIwMDAwMDAwMDAwMCwidXBkYXRlIjo2MDAwMDAwMDAwMDB9LCJzY2hlbWFfdmVyc2lvbiI6IjEifQ==",
          "depends_on": [
            "aws_key_pair.servers",
            "aws_security_group.nginx",
            "aws_subnet.pubsub",
            "data.aws_availability_zones.available"
          ]
        }
      ]
    },
    {
      "mode": "managed",
      "type": "aws_internet_gateway",
      "name": "IGW",
      "provider": "provider.aws",
      "instances": [
        {
          "schema_version": 0,
          "attributes": {
            "id": "igw-0ac84e2364946677d",
            "owner_id": "555478048938",
            "tags": {
              "Name": "IGW"
            },
            "vpc_id": "vpc-05e8cb9daca9e2147"
          },
          "private": "bnVsbA==",
          "depends_on": [
            "aws_vpc.homework2"
          ]
        }
      ]
    },
    {
      "mode": "managed",
      "type": "aws_key_pair",
      "name": "servers",
      "provider": "provider.aws",
      "instances": [
        {
          "schema_version": 1,
          "attributes": {
            "fingerprint": "8a:f3:aa:fa:cc:72:75:ac:5e:6a:02:27:94:aa:3b:2c",
            "id": "servers",
            "key_name": "servers",
            "key_name_prefix": null,
            "public_key": "ssh-rsa AAAAB3NzaC1yc2EAAAADAQABAAACAQCxwuTi8PtPHAhEqPddch3Sq3VQsybIACzt8RM7nvi0ghnwOxKpx74FhEVdlTGNaJFRwnXgvBp09XKxMbb/ljerZXKLBUqrjHDmMzAP31ncnzOqqaCCkUO4DMPTDF4DfY/4VV04RIL9d9/Ehl3JT/xSySb8gkRTggCiTxIokkqxjXqvuZ6B3Ge5QmGd1DchIsSLIFKg1Xu8cSa7VtxfUSFKMcSK4pnFDP+4EIWzZ5rm5iDq2e0j6iMoPK6bWx7Va00+lqggGot93LcnQo7cNQRrJKnpIasEgu0uSVilWm3LliZwGRbuflWh0f7SkI4XJlaalHNNT5eP+70W1nTbW2/9qfLq7Xf2Gf0EF8R514GrtrG729T5KS/v/n9/wGm4yYbH5RhPVzYhD2iz7JGoF48XXiVmfAANgW35WGdXyRc6Nv3/NNhurqkOjXACsyU1Aw6gB18OfIvFvPbasYR+67l4lgLpK1AKtgEFSA2JkvQqkRE/nTusMc+XqLohV+EXjd2mcI+Wh/7KjWywjGWLE4dIMXf2UdEno0tqwaheMgoSHsz9sC20gHUqN0oxNTpwJhfnHuSgsYOS2gqKbxqnYs/sPlTOEwhZbOu2zLbqmGMmjjciBXPE99cY8p+KNkB+GPJu+iTKvVSzCQWYCt5JMapQtADQlwtHAAX38uFZFV9AOw=="
          },
          "private": "eyJzY2hlbWFfdmVyc2lvbiI6IjEifQ==",
          "depends_on": [
            "tls_private_key.servers"
          ]
        }
      ]
    },
    {
      "mode": "managed",
      "type": "aws_nat_gateway",
      "name": "NATGW",
      "each": "list",
      "provider": "provider.aws",
      "instances": [
        {
          "index_key": 0,
          "schema_version": 0,
          "attributes": {
            "allocation_id": "eipalloc-081be36b311c22ff1",
            "id": "nat-01966103428f054a4",
            "network_interface_id": "eni-01290cce3ce1e323d",
            "private_ip": "10.0.2.142",
            "public_ip": "52.207.136.25",
            "subnet_id": "subnet-0d93ed7325e239604",
            "tags": {
              "Name": "NATGW 0"
            }
          },
          "private": "bnVsbA==",
          "depends_on": [
            "aws_eip.nateip",
            "aws_internet_gateway.IGW",
            "aws_subnet.pubsub"
          ]
        },
        {
          "index_key": 1,
          "schema_version": 0,
          "attributes": {
            "allocation_id": "eipalloc-0d8c84f7cff8d8da0",
            "id": "nat-0ef5394379be81011",
            "network_interface_id": "eni-01d3960ab24cd81e0",
            "private_ip": "10.0.3.12",
            "public_ip": "3.225.26.208",
            "subnet_id": "subnet-0eb306209728ad3fc",
            "tags": {
              "Name": "NATGW 1"
            }
          },
          "private": "bnVsbA==",
          "depends_on": [
            "aws_eip.nateip",
            "aws_internet_gateway.IGW",
            "aws_subnet.pubsub"
          ]
        }
      ]
    },
    {
      "mode": "managed",
      "type": "aws_route_table",
      "name": "priroute",
      "each": "list",
      "provider": "provider.aws",
      "instances": [
        {
          "index_key": 0,
          "schema_version": 0,
          "attributes": {
            "id": "rtb-0131d119747f06d9a",
            "owner_id": "555478048938",
            "propagating_vgws": [],
            "route": [
              {
                "cidr_block": "0.0.0.0/0",
                "egress_only_gateway_id": "",
                "gateway_id": "",
                "instance_id": "",
                "ipv6_cidr_block": "",
                "nat_gateway_id": "nat-01966103428f054a4",
                "network_interface_id": "",
                "transit_gateway_id": "",
                "vpc_peering_connection_id": ""
              }
            ],
            "tags": null,
            "vpc_id": "vpc-05e8cb9daca9e2147"
          },
          "private": "bnVsbA==",
          "depends_on": [
            "aws_nat_gateway.NATGW",
            "aws_vpc.homework2"
          ]
        },
        {
          "index_key": 1,
          "schema_version": 0,
          "attributes": {
            "id": "rtb-0f4897d7e05402150",
            "owner_id": "555478048938",
            "propagating_vgws": [],
            "route": [
              {
                "cidr_block": "0.0.0.0/0",
                "egress_only_gateway_id": "",
                "gateway_id": "",
                "instance_id": "",
                "ipv6_cidr_block": "",
                "nat_gateway_id": "nat-0ef5394379be81011",
                "network_interface_id": "",
                "transit_gateway_id": "",
                "vpc_peering_connection_id": ""
              }
            ],
            "tags": null,
            "vpc_id": "vpc-05e8cb9daca9e2147"
          },
          "private": "bnVsbA==",
          "depends_on": [
            "aws_nat_gateway.NATGW",
            "aws_vpc.homework2"
          ]
        }
      ]
    },
    {
      "mode": "managed",
      "type": "aws_route_table",
      "name": "pubroute",
      "each": "list",
      "provider": "provider.aws",
      "instances": [
        {
          "index_key": 0,
          "schema_version": 0,
          "attributes": {
            "id": "rtb-0c333dd4a653e1dd9",
            "owner_id": "555478048938",
            "propagating_vgws": [],
            "route": [
              {
                "cidr_block": "0.0.0.0/0",
                "egress_only_gateway_id": "",
                "gateway_id": "igw-0ac84e2364946677d",
                "instance_id": "",
                "ipv6_cidr_block": "",
                "nat_gateway_id": "",
                "network_interface_id": "",
                "transit_gateway_id": "",
                "vpc_peering_connection_id": ""
              }
            ],
            "tags": null,
            "vpc_id": "vpc-05e8cb9daca9e2147"
          },
          "private": "bnVsbA==",
          "depends_on": [
            "aws_internet_gateway.IGW",
            "aws_vpc.homework2"
          ]
        },
        {
          "index_key": 1,
          "schema_version": 0,
          "attributes": {
            "id": "rtb-0f36ea53f91241c12",
            "owner_id": "555478048938",
            "propagating_vgws": [],
            "route": [
              {
                "cidr_block": "0.0.0.0/0",
                "egress_only_gateway_id": "",
                "gateway_id": "igw-0ac84e2364946677d",
                "instance_id": "",
                "ipv6_cidr_block": "",
                "nat_gateway_id": "",
                "network_interface_id": "",
                "transit_gateway_id": "",
                "vpc_peering_connection_id": ""
              }
            ],
            "tags": null,
            "vpc_id": "vpc-05e8cb9daca9e2147"
          },
          "private": "bnVsbA==",
          "depends_on": [
            "aws_internet_gateway.IGW",
            "aws_vpc.homework2"
          ]
        }
      ]
    },
    {
      "mode": "managed",
      "type": "aws_route_table_association",
      "name": "priroute",
      "each": "list",
      "provider": "provider.aws",
      "instances": [
        {
          "index_key": 0,
          "schema_version": 0,
          "attributes": {
            "id": "rtbassoc-0a1d84c4006d64a46",
            "route_table_id": "rtb-0131d119747f06d9a",
            "subnet_id": "subnet-08f9564894d706d1e"
          },
          "private": "bnVsbA==",
          "depends_on": [
            "aws_route_table.priroute",
            "aws_subnet.prisub"
          ]
        },
        {
          "index_key": 1,
          "schema_version": 0,
          "attributes": {
            "id": "rtbassoc-029737290f8b32659",
            "route_table_id": "rtb-0f4897d7e05402150",
            "subnet_id": "subnet-00218406ba007e1ac"
          },
          "private": "bnVsbA==",
          "depends_on": [
            "aws_route_table.priroute",
            "aws_subnet.prisub"
          ]
        }
      ]
    },
    {
      "mode": "managed",
      "type": "aws_route_table_association",
      "name": "pubroute",
      "each": "list",
      "provider": "provider.aws",
      "instances": [
        {
          "index_key": 0,
          "schema_version": 0,
          "attributes": {
            "id": "rtbassoc-02b984b7d0bb59775",
            "route_table_id": "rtb-0c333dd4a653e1dd9",
            "subnet_id": "subnet-0d93ed7325e239604"
          },
          "private": "bnVsbA==",
          "depends_on": [
            "aws_route_table.pubroute",
            "aws_subnet.pubsub"
          ]
        },
        {
          "index_key": 1,
          "schema_version": 0,
          "attributes": {
            "id": "rtbassoc-0ac772e0d443d9872",
            "route_table_id": "rtb-0f36ea53f91241c12",
            "subnet_id": "subnet-0eb306209728ad3fc"
          },
          "private": "bnVsbA==",
          "depends_on": [
            "aws_route_table.pubroute",
            "aws_subnet.pubsub"
          ]
        }
      ]
    },
    {
      "mode": "managed",
      "type": "aws_security_group",
      "name": "nat",
      "provider": "provider.aws",
      "instances": [
        {
          "schema_version": 1,
          "attributes": {
            "arn": "arn:aws:ec2:us-east-1:555478048938:security-group/sg-04b7061edb5d49104",
            "description": "Allow nat traffic",
            "egress": [
              {
                "cidr_blocks": [
                  "0.0.0.0/0"
                ],
                "description": "",
                "from_port": 0,
                "ipv6_cidr_blocks": [],
                "prefix_list_ids": [],
                "protocol": "-1",
                "security_groups": [],
                "self": false,
                "to_port": 0
              }
            ],
            "id": "sg-04b7061edb5d49104",
            "ingress": [
              {
                "cidr_blocks": [
                  "0.0.0.0/0"
                ],
                "description": "",
                "from_port": 22,
                "ipv6_cidr_blocks": [],
                "prefix_list_ids": [],
                "protocol": "tcp",
                "security_groups": [],
                "self": false,
                "to_port": 22
              },
              {
                "cidr_blocks": [
                  "0.0.0.0/0"
                ],
                "description": "",
                "from_port": 80,
                "ipv6_cidr_blocks": [],
                "prefix_list_ids": [],
                "protocol": "tcp",
                "security_groups": [],
                "self": false,
                "to_port": 80
              }
            ],
            "name": "nat",
            "name_prefix": null,
            "owner_id": "555478048938",
            "revoke_rules_on_delete": false,
            "tags": null,
            "timeouts": null,
            "vpc_id": "vpc-05e8cb9daca9e2147"
          },
          "private": "eyJlMmJmYjczMC1lY2FhLTExZTYtOGY4OC0zNDM2M2JjN2M0YzAiOnsiY3JlYXRlIjo2MDAwMDAwMDAwMDAsImRlbGV0ZSI6NjAwMDAwMDAwMDAwfSwic2NoZW1hX3ZlcnNpb24iOiIxIn0=",
          "depends_on": [
            "aws_vpc.homework2"
          ]
        }
      ]
    },
    {
      "mode": "managed",
      "type": "aws_security_group",
      "name": "nginx",
      "provider": "provider.aws",
      "instances": [
        {
          "schema_version": 1,
          "attributes": {
            "arn": "arn:aws:ec2:us-east-1:555478048938:security-group/sg-04c735061eb24c3e8",
            "description": "Allow ssh traffic",
            "egress": [
              {
                "cidr_blocks": [
                  "0.0.0.0/0"
                ],
                "description": "",
                "from_port": 0,
                "ipv6_cidr_blocks": [],
                "prefix_list_ids": [],
                "protocol": "-1",
                "security_groups": [],
                "self": false,
                "to_port": 0
              }
            ],
            "id": "sg-04c735061eb24c3e8",
            "ingress": [
              {
                "cidr_blocks": [
                  "0.0.0.0/0"
                ],
                "description": "",
                "from_port": 22,
                "ipv6_cidr_blocks": [],
                "prefix_list_ids": [],
                "protocol": "tcp",
                "security_groups": [],
                "self": false,
                "to_port": 22
              },
              {
                "cidr_blocks": [
                  "0.0.0.0/0"
                ],
                "description": "",
                "from_port": 80,
                "ipv6_cidr_blocks": [],
                "prefix_list_ids": [],
                "protocol": "tcp",
                "security_groups": [],
                "self": false,
                "to_port": 80
              }
            ],
            "name": "nginx",
            "name_prefix": null,
            "owner_id": "555478048938",
            "revoke_rules_on_delete": false,
            "tags": null,
            "timeouts": null,
            "vpc_id": "vpc-05e8cb9daca9e2147"
          },
          "private": "eyJlMmJmYjczMC1lY2FhLTExZTYtOGY4OC0zNDM2M2JjN2M0YzAiOnsiY3JlYXRlIjo2MDAwMDAwMDAwMDAsImRlbGV0ZSI6NjAwMDAwMDAwMDAwfSwic2NoZW1hX3ZlcnNpb24iOiIxIn0=",
          "depends_on": [
            "aws_vpc.homework2"
          ]
        }
      ]
    },
    {
      "mode": "managed",
      "type": "aws_subnet",
      "name": "prisub",
      "each": "list",
      "provider": "provider.aws",
      "instances": [
        {
          "index_key": 0,
          "schema_version": 1,
          "attributes": {
            "arn": "arn:aws:ec2:us-east-1:555478048938:subnet/subnet-08f9564894d706d1e",
            "assign_ipv6_address_on_creation": false,
            "availability_zone": "us-east-1a",
            "availability_zone_id": "use1-az1",
            "cidr_block": "10.0.10.0/24",
            "id": "subnet-08f9564894d706d1e",
            "ipv6_cidr_block": "",
            "ipv6_cidr_block_association_id": "",
            "map_public_ip_on_launch": true,
            "owner_id": "555478048938",
            "tags": {
              "Name": "prisub 0"
            },
            "timeouts": null,
            "vpc_id": "vpc-05e8cb9daca9e2147"
          },
          "private": "eyJlMmJmYjczMC1lY2FhLTExZTYtOGY4OC0zNDM2M2JjN2M0YzAiOnsiY3JlYXRlIjo2MDAwMDAwMDAwMDAsImRlbGV0ZSI6MTIwMDAwMDAwMDAwMH0sInNjaGVtYV92ZXJzaW9uIjoiMSJ9",
          "depends_on": [
            "aws_vpc.homework2",
            "data.aws_availability_zones.available"
          ]
        },
        {
          "index_key": 1,
          "schema_version": 1,
          "attributes": {
            "arn": "arn:aws:ec2:us-east-1:555478048938:subnet/subnet-00218406ba007e1ac",
            "assign_ipv6_address_on_creation": false,
            "availability_zone": "us-east-1b",
            "availability_zone_id": "use1-az2",
            "cidr_block": "10.0.11.0/24",
            "id": "subnet-00218406ba007e1ac",
            "ipv6_cidr_block": "",
            "ipv6_cidr_block_association_id": "",
            "map_public_ip_on_launch": true,
            "owner_id": "555478048938",
            "tags": {
              "Name": "prisub 1"
            },
            "timeouts": null,
            "vpc_id": "vpc-05e8cb9daca9e2147"
          },
          "private": "eyJlMmJmYjczMC1lY2FhLTExZTYtOGY4OC0zNDM2M2JjN2M0YzAiOnsiY3JlYXRlIjo2MDAwMDAwMDAwMDAsImRlbGV0ZSI6MTIwMDAwMDAwMDAwMH0sInNjaGVtYV92ZXJzaW9uIjoiMSJ9",
          "depends_on": [
            "aws_vpc.homework2",
            "data.aws_availability_zones.available"
          ]
        }
      ]
    },
    {
      "mode": "managed",
      "type": "aws_subnet",
      "name": "pubsub",
      "each": "list",
      "provider": "provider.aws",
      "instances": [
        {
          "index_key": 0,
          "schema_version": 1,
          "attributes": {
            "arn": "arn:aws:ec2:us-east-1:555478048938:subnet/subnet-0d93ed7325e239604",
            "assign_ipv6_address_on_creation": false,
            "availability_zone": "us-east-1a",
            "availability_zone_id": "use1-az1",
            "cidr_block": "10.0.2.0/24",
            "id": "subnet-0d93ed7325e239604",
            "ipv6_cidr_block": "",
            "ipv6_cidr_block_association_id": "",
            "map_public_ip_on_launch": true,
            "owner_id": "555478048938",
            "tags": {
              "Name": "pubsub 0"
            },
            "timeouts": null,
            "vpc_id": "vpc-05e8cb9daca9e2147"
          },
          "private": "eyJlMmJmYjczMC1lY2FhLTExZTYtOGY4OC0zNDM2M2JjN2M0YzAiOnsiY3JlYXRlIjo2MDAwMDAwMDAwMDAsImRlbGV0ZSI6MTIwMDAwMDAwMDAwMH0sInNjaGVtYV92ZXJzaW9uIjoiMSJ9",
          "depends_on": [
            "aws_vpc.homework2",
            "data.aws_availability_zones.available"
          ]
        },
        {
          "index_key": 1,
          "schema_version": 1,
          "attributes": {
            "arn": "arn:aws:ec2:us-east-1:555478048938:subnet/subnet-0eb306209728ad3fc",
            "assign_ipv6_address_on_creation": false,
            "availability_zone": "us-east-1b",
            "availability_zone_id": "use1-az2",
            "cidr_block": "10.0.3.0/24",
            "id": "subnet-0eb306209728ad3fc",
            "ipv6_cidr_block": "",
            "ipv6_cidr_block_association_id": "",
            "map_public_ip_on_launch": true,
            "owner_id": "555478048938",
            "tags": {
              "Name": "pubsub 1"
            },
            "timeouts": null,
            "vpc_id": "vpc-05e8cb9daca9e2147"
          },
          "private": "eyJlMmJmYjczMC1lY2FhLTExZTYtOGY4OC0zNDM2M2JjN2M0YzAiOnsiY3JlYXRlIjo2MDAwMDAwMDAwMDAsImRlbGV0ZSI6MTIwMDAwMDAwMDAwMH0sInNjaGVtYV92ZXJzaW9uIjoiMSJ9",
          "depends_on": [
            "aws_vpc.homework2",
            "data.aws_availability_zones.available"
          ]
        }
      ]
    },
    {
      "mode": "managed",
      "type": "aws_vpc",
      "name": "homework2",
      "provider": "provider.aws",
      "instances": [
        {
          "schema_version": 1,
          "attributes": {
            "arn": "arn:aws:ec2:us-east-1:555478048938:vpc/vpc-05e8cb9daca9e2147",
            "assign_generated_ipv6_cidr_block": false,
            "cidr_block": "10.0.0.0/16",
            "default_network_acl_id": "acl-0e7306129561bccb1",
            "default_route_table_id": "rtb-0ab8e254e2c9bbd99",
            "default_security_group_id": "sg-029c85b7e08a32562",
            "dhcp_options_id": "dopt-611dee1b",
            "enable_classiclink": false,
            "enable_classiclink_dns_support": false,
            "enable_dns_hostnames": true,
            "enable_dns_support": true,
            "id": "vpc-05e8cb9daca9e2147",
            "instance_tenancy": "default",
            "ipv6_association_id": "",
            "ipv6_cidr_block": "",
            "main_route_table_id": "rtb-0ab8e254e2c9bbd99",
            "owner_id": "555478048938",
            "tags": {
              "Name": "homework2"
            }
          },
          "private": "eyJzY2hlbWFfdmVyc2lvbiI6IjEifQ=="
        }
      ]
    },
    {
      "mode": "managed",
      "type": "local_file",
      "name": "servers",
      "provider": "provider.local",
      "instances": [
        {
          "schema_version": 0,
          "attributes": {
            "content": null,
            "content_base64": null,
            "directory_permission": "0777",
            "file_permission": "0777",
            "filename": "servers.pem",
            "id": "21231a990b124a5b18c9b8a01cc4d235f1feaa74",
            "sensitive_content": "-----BEGIN RSA PRIVATE KEY-----\nMIIJKQIBAAKCAgEAscLk4vD7TxwIRKj3XXId0qt1ULMmyAAs7fETO574tIIZ8DsS\nqce+BYRFXZUxjWiRUcJ14LwadPVysTG2/5Y3q2VyiwVKq4xw5jMwD99Z3J8zqqmg\ngpFDuAzD0wxeA32P+FVdOESC/XffxIZdyU/8Uskm/IJEU4IAok8SKJJKsY16r7me\ngdxnuUJhndQ3ISLEiyBSoNV7vHEmu1bcX1EhSjHEiuKZxQz/uBCFs2ea5uYg6tnt\nI+ojKDyum1se1WtNPpaoIBqLfdy3J0KO3DUEaySp6SGrBILtLklYpVpty5YmcBkW\n7n5VodH+0pCOFyZWmpRzTU+Xj/u9FtZ021tv/any6u139hn9BBfEedeBq7axu9vU\n+Skv7/5/f8BpuMmGx+UYT1c2IQ9os+yRqBePF14lZnwADYFt+VhnV8kXOjb9/zTY\nbq6pDo1wArMlNQMOoAdfDnyLxbz22rGEfuu5eJYC6StQCrYBBUgNiZL0KpERP507\nrDHPl6i6IVfhF43dpnCPlof+yo1ssIxlixOHSDF39lHRJ6NLasGoXjIKEh7M/bAt\ntIB1KjdKMTU6cCYX5x7koLGDktoKim8ap2LP7D5UzhMIWWzrtsy26phjJo43IgVz\nxPfXGPKfijZAfhjybvokyr1UswkFmAreSTGqULQA0JcLRwAF9/LhWRVfQDsCAwEA\nAQKCAgEAhKbVu2ztfOmEWghlH/yquK1ujFxEkndfD+kY2yMUoU99H8JVeREvglpk\nkSNmqQnhd8vPv3dfnuwTPJvG3hAxVtwLkCbQxBe3oHGOainYm0TKf4650vWoPU55\nS6Ms/RnUOBMrz3OA9Llh6PwEPNhNiVHGoCRt7ItVAcpT2KbiyoCzjzLLUEkzthIN\nWoQk57tURCZIwvDMt6EQsDhvl0mpt/5Plvzmlx/OLINX4rtr4ubUpa0ew/BTcBFo\nk1J6PfUm3Y/7wolMkw4EN235weZmd7YSfYC8aE9zw1jEqBBFYumXoYt3i14HdQyK\nRoPNJQVdF1m0eXrttWq8frBm39LqTHi1ynmVlD0do/2/8s9dHeCCIrFfL/qgIuy0\nH/duWXGzNluSCc9Bt63TrRtKfZ0mrGw+Q/YETwkp8nEKt9j61/5yaIgQfui317z2\naKWptPv+JQzHii+gwqR1BqRdPpRNDbskAQ2IEBd9afec5rMqjdosMe7W3UZNMS5W\n+iW7L37yOvjC0RAD1DtDNVoFcHRSW0hD5T3q7JXMQYf/FHXUkiUkO3EvZWLTC/MM\nT6WCubaxnFpySP6zTZn8h3tc7d3pcJV3rJusYoAjJyQVVcDOorWt9+hOXu/0PiIE\n6FupE3FNmYcoLZf5UyUyOfhCILui1lHXp/3ER8SeXDbp1JnDyTECggEBAMwOjR9e\nhbfvC2D5nrGsM2UD3ZFOZbjK7yCpGt0PwKABS1ILhx9TGZTrQHnxK1JaXUwc+8gG\noD8qbTebsZ2+Rf9TRD4Vd7NYS/CMGFnfaSC0bhVoJmA2xaQkUVaQohFWy2aUFkl1\ntY9Q1Q3sx/e2d1ImBtD810TCcj6jrYtG0lPdti4fwZTpbaB8akOIiVXJMDUzo6zL\nHflCS7THzLmOmK9UpVnkXgK2FB9PonUjgB4OuBAFbHAPadWbhEvAh+cVCtU0gLSC\nyPD2wISA3DVwcbk2EON5LWs7d97nT0h6MyTy8OX15DAUVfSz0SxbfUaQ1u4fJ019\np031REKF4YGrrx8CggEBAN8CyIesd6p1kU3HDYdNHUriesOp8Z6lcVzaZnX1Y3WY\nv9gyLkuc7xaDjK8BDJ38wu7VEKLd0HoXGQlZZUNBVKbV9mJDVNHtZVxWWCXbcsM7\ne99zvBe10R2r26qPWCOeVD02Kgd2XZISbtOhm50jy1zZgfXwhcYVQyuAuKPcStkG\nuQ+5zqHhd3Aebe9b8RNgEAlAuVuKVSnOX1bpRq9zMYZiiPKt7p2yHG/69le4uFl3\nwKlZnIBfCuQdcPxk/nBFHzRsbs+Sa2O7uJIpgTCEPUYRBiDYxTlcuwn3rmOeCJEa\nDwIy6rJcBFnxJtjWD/KToQHpRe2vjnVy3a8h1mMMt2UCggEAaXB7a2IkJk7Wyl0x\nqw0X4XKF4rdnyHzT40R+JQwmtIb2rIZYY89EwLZuspPzlrIq01GGqG0EEJ+Tn9BL\njv7qnGwiLxJYr8tIMhux2X6fi86vs1AFxGGI7q/1d410sRDwOSj7+ylfj5ZtAK0B\nBva54TDVBNghQ95VuhhJbFZECCHgKSUvmgqkIvEm146NqE41Ish0Iq0x58Jh7B/x\noVAVhUNvzWs7SJtc+nDjuTOG2AEzCtRCnATa4w1g5uOtVbKBznk6qAuMWTanc9BB\n+TsJCHLvdxr+ZRJtdjh/tyutkcIWyDyulEltwOvJgeokaXoeFRzz6g6rjJTXmKgl\nRiO4cQKCAQEA284vfmJEVFOq0wFV2TztmUie/cm8J8UjdgShprQlwtu6g0n6jXZx\nxTwF5tve5r0iGSsSSaTdfejUOX3OLDrxR7tuLC33JS6akCdenHmupLU1g+nbw3bm\nVRt12KeOlRTSLL79L/u/gGEAsUEBUyHbqHmN+a2G/NUqLm+iDYfskfppXxGhk7bZ\n9T1Y1+pEM/ej9qq/x3USObF6EPy+OeINN0pZdvBuVyodk1XFhnK/6Rb6YzC662BC\nKNLH8U1N57SJbC9QDPFhPZzh79ZOylYc2rme07M0uTQn+kwQq4kxImuPzXgIEaJW\ne5wP0Ps0HsDZmjulO/+kJyj/TUXJvDjlbQKCAQAZ07q05nh3imebpbNr35t+LoPX\npRv4MbNeNGmISV21qI/X/zRCexF5RkCDaubJRtiXP5PvoIXkZSUyeynbfXHgxU5K\n/kb+5na4UEkJrnqOF5rB5j4gXB737P61VVvaRBfTSGPA2XlwwloDQ9vT30kexUGc\nxpU80YuVgeSwd6+YDQ7cmTFYS7qmZRGwmnXZvyYd7IzLdGff2Yc3t4UKMhfC6Zwu\nvtZzEYfXeBLCMJKgHEBuo0VOBNe5QXuJ9neUfMuTjnLsGBKDOaOhMy51XxquCRzq\nku0ybHUF7xTzS/+0xDJnrT6/XXONHyxZhAOdbXKMGrc+g6PQuNaX3KhW0zsT\n-----END RSA PRIVATE KEY-----\n"
          },
          "private": "bnVsbA==",
          "depends_on": [
            "tls_private_key.servers"
          ]
        }
      ]
    },
    {
      "mode": "managed",
      "type": "tls_private_key",
      "name": "servers",
      "provider": "provider.tls",
      "instances": [
        {
          "schema_version": 0,
          "attributes": {
            "algorithm": "RSA",
            "ecdsa_curve": "P224",
            "id": "80bc6ef804cb4f8d8618a0e8f2469a34b7d5f06e",
            "private_key_pem": "-----BEGIN RSA PRIVATE KEY-----\nMIIJKQIBAAKCAgEAscLk4vD7TxwIRKj3XXId0qt1ULMmyAAs7fETO574tIIZ8DsS\nqce+BYRFXZUxjWiRUcJ14LwadPVysTG2/5Y3q2VyiwVKq4xw5jMwD99Z3J8zqqmg\ngpFDuAzD0wxeA32P+FVdOESC/XffxIZdyU/8Uskm/IJEU4IAok8SKJJKsY16r7me\ngdxnuUJhndQ3ISLEiyBSoNV7vHEmu1bcX1EhSjHEiuKZxQz/uBCFs2ea5uYg6tnt\nI+ojKDyum1se1WtNPpaoIBqLfdy3J0KO3DUEaySp6SGrBILtLklYpVpty5YmcBkW\n7n5VodH+0pCOFyZWmpRzTU+Xj/u9FtZ021tv/any6u139hn9BBfEedeBq7axu9vU\n+Skv7/5/f8BpuMmGx+UYT1c2IQ9os+yRqBePF14lZnwADYFt+VhnV8kXOjb9/zTY\nbq6pDo1wArMlNQMOoAdfDnyLxbz22rGEfuu5eJYC6StQCrYBBUgNiZL0KpERP507\nrDHPl6i6IVfhF43dpnCPlof+yo1ssIxlixOHSDF39lHRJ6NLasGoXjIKEh7M/bAt\ntIB1KjdKMTU6cCYX5x7koLGDktoKim8ap2LP7D5UzhMIWWzrtsy26phjJo43IgVz\nxPfXGPKfijZAfhjybvokyr1UswkFmAreSTGqULQA0JcLRwAF9/LhWRVfQDsCAwEA\nAQKCAgEAhKbVu2ztfOmEWghlH/yquK1ujFxEkndfD+kY2yMUoU99H8JVeREvglpk\nkSNmqQnhd8vPv3dfnuwTPJvG3hAxVtwLkCbQxBe3oHGOainYm0TKf4650vWoPU55\nS6Ms/RnUOBMrz3OA9Llh6PwEPNhNiVHGoCRt7ItVAcpT2KbiyoCzjzLLUEkzthIN\nWoQk57tURCZIwvDMt6EQsDhvl0mpt/5Plvzmlx/OLINX4rtr4ubUpa0ew/BTcBFo\nk1J6PfUm3Y/7wolMkw4EN235weZmd7YSfYC8aE9zw1jEqBBFYumXoYt3i14HdQyK\nRoPNJQVdF1m0eXrttWq8frBm39LqTHi1ynmVlD0do/2/8s9dHeCCIrFfL/qgIuy0\nH/duWXGzNluSCc9Bt63TrRtKfZ0mrGw+Q/YETwkp8nEKt9j61/5yaIgQfui317z2\naKWptPv+JQzHii+gwqR1BqRdPpRNDbskAQ2IEBd9afec5rMqjdosMe7W3UZNMS5W\n+iW7L37yOvjC0RAD1DtDNVoFcHRSW0hD5T3q7JXMQYf/FHXUkiUkO3EvZWLTC/MM\nT6WCubaxnFpySP6zTZn8h3tc7d3pcJV3rJusYoAjJyQVVcDOorWt9+hOXu/0PiIE\n6FupE3FNmYcoLZf5UyUyOfhCILui1lHXp/3ER8SeXDbp1JnDyTECggEBAMwOjR9e\nhbfvC2D5nrGsM2UD3ZFOZbjK7yCpGt0PwKABS1ILhx9TGZTrQHnxK1JaXUwc+8gG\noD8qbTebsZ2+Rf9TRD4Vd7NYS/CMGFnfaSC0bhVoJmA2xaQkUVaQohFWy2aUFkl1\ntY9Q1Q3sx/e2d1ImBtD810TCcj6jrYtG0lPdti4fwZTpbaB8akOIiVXJMDUzo6zL\nHflCS7THzLmOmK9UpVnkXgK2FB9PonUjgB4OuBAFbHAPadWbhEvAh+cVCtU0gLSC\nyPD2wISA3DVwcbk2EON5LWs7d97nT0h6MyTy8OX15DAUVfSz0SxbfUaQ1u4fJ019\np031REKF4YGrrx8CggEBAN8CyIesd6p1kU3HDYdNHUriesOp8Z6lcVzaZnX1Y3WY\nv9gyLkuc7xaDjK8BDJ38wu7VEKLd0HoXGQlZZUNBVKbV9mJDVNHtZVxWWCXbcsM7\ne99zvBe10R2r26qPWCOeVD02Kgd2XZISbtOhm50jy1zZgfXwhcYVQyuAuKPcStkG\nuQ+5zqHhd3Aebe9b8RNgEAlAuVuKVSnOX1bpRq9zMYZiiPKt7p2yHG/69le4uFl3\nwKlZnIBfCuQdcPxk/nBFHzRsbs+Sa2O7uJIpgTCEPUYRBiDYxTlcuwn3rmOeCJEa\nDwIy6rJcBFnxJtjWD/KToQHpRe2vjnVy3a8h1mMMt2UCggEAaXB7a2IkJk7Wyl0x\nqw0X4XKF4rdnyHzT40R+JQwmtIb2rIZYY89EwLZuspPzlrIq01GGqG0EEJ+Tn9BL\njv7qnGwiLxJYr8tIMhux2X6fi86vs1AFxGGI7q/1d410sRDwOSj7+ylfj5ZtAK0B\nBva54TDVBNghQ95VuhhJbFZECCHgKSUvmgqkIvEm146NqE41Ish0Iq0x58Jh7B/x\noVAVhUNvzWs7SJtc+nDjuTOG2AEzCtRCnATa4w1g5uOtVbKBznk6qAuMWTanc9BB\n+TsJCHLvdxr+ZRJtdjh/tyutkcIWyDyulEltwOvJgeokaXoeFRzz6g6rjJTXmKgl\nRiO4cQKCAQEA284vfmJEVFOq0wFV2TztmUie/cm8J8UjdgShprQlwtu6g0n6jXZx\nxTwF5tve5r0iGSsSSaTdfejUOX3OLDrxR7tuLC33JS6akCdenHmupLU1g+nbw3bm\nVRt12KeOlRTSLL79L/u/gGEAsUEBUyHbqHmN+a2G/NUqLm+iDYfskfppXxGhk7bZ\n9T1Y1+pEM/ej9qq/x3USObF6EPy+OeINN0pZdvBuVyodk1XFhnK/6Rb6YzC662BC\nKNLH8U1N57SJbC9QDPFhPZzh79ZOylYc2rme07M0uTQn+kwQq4kxImuPzXgIEaJW\ne5wP0Ps0HsDZmjulO/+kJyj/TUXJvDjlbQKCAQAZ07q05nh3imebpbNr35t+LoPX\npRv4MbNeNGmISV21qI/X/zRCexF5RkCDaubJRtiXP5PvoIXkZSUyeynbfXHgxU5K\n/kb+5na4UEkJrnqOF5rB5j4gXB737P61VVvaRBfTSGPA2XlwwloDQ9vT30kexUGc\nxpU80YuVgeSwd6+YDQ7cmTFYS7qmZRGwmnXZvyYd7IzLdGff2Yc3t4UKMhfC6Zwu\nvtZzEYfXeBLCMJKgHEBuo0VOBNe5QXuJ9neUfMuTjnLsGBKDOaOhMy51XxquCRzq\nku0ybHUF7xTzS/+0xDJnrT6/XXONHyxZhAOdbXKMGrc+g6PQuNaX3KhW0zsT\n-----END RSA PRIVATE KEY-----\n",
            "public_key_fingerprint_md5": "b1:67:d4:9d:0b:7d:6d:5b:03:1b:4f:d3:bd:f0:3b:3b",
            "public_key_openssh": "ssh-rsa AAAAB3NzaC1yc2EAAAADAQABAAACAQCxwuTi8PtPHAhEqPddch3Sq3VQsybIACzt8RM7nvi0ghnwOxKpx74FhEVdlTGNaJFRwnXgvBp09XKxMbb/ljerZXKLBUqrjHDmMzAP31ncnzOqqaCCkUO4DMPTDF4DfY/4VV04RIL9d9/Ehl3JT/xSySb8gkRTggCiTxIokkqxjXqvuZ6B3Ge5QmGd1DchIsSLIFKg1Xu8cSa7VtxfUSFKMcSK4pnFDP+4EIWzZ5rm5iDq2e0j6iMoPK6bWx7Va00+lqggGot93LcnQo7cNQRrJKnpIasEgu0uSVilWm3LliZwGRbuflWh0f7SkI4XJlaalHNNT5eP+70W1nTbW2/9qfLq7Xf2Gf0EF8R514GrtrG729T5KS/v/n9/wGm4yYbH5RhPVzYhD2iz7JGoF48XXiVmfAANgW35WGdXyRc6Nv3/NNhurqkOjXACsyU1Aw6gB18OfIvFvPbasYR+67l4lgLpK1AKtgEFSA2JkvQqkRE/nTusMc+XqLohV+EXjd2mcI+Wh/7KjWywjGWLE4dIMXf2UdEno0tqwaheMgoSHsz9sC20gHUqN0oxNTpwJhfnHuSgsYOS2gqKbxqnYs/sPlTOEwhZbOu2zLbqmGMmjjciBXPE99cY8p+KNkB+GPJu+iTKvVSzCQWYCt5JMapQtADQlwtHAAX38uFZFV9AOw==\n",
            "public_key_pem": "-----BEGIN PUBLIC KEY-----\nMIICIjANBgkqhkiG9w0BAQEFAAOCAg8AMIICCgKCAgEAscLk4vD7TxwIRKj3XXId\n0qt1ULMmyAAs7fETO574tIIZ8DsSqce+BYRFXZUxjWiRUcJ14LwadPVysTG2/5Y3\nq2VyiwVKq4xw5jMwD99Z3J8zqqmggpFDuAzD0wxeA32P+FVdOESC/XffxIZdyU/8\nUskm/IJEU4IAok8SKJJKsY16r7megdxnuUJhndQ3ISLEiyBSoNV7vHEmu1bcX1Eh\nSjHEiuKZxQz/uBCFs2ea5uYg6tntI+ojKDyum1se1WtNPpaoIBqLfdy3J0KO3DUE\naySp6SGrBILtLklYpVpty5YmcBkW7n5VodH+0pCOFyZWmpRzTU+Xj/u9FtZ021tv\n/any6u139hn9BBfEedeBq7axu9vU+Skv7/5/f8BpuMmGx+UYT1c2IQ9os+yRqBeP\nF14lZnwADYFt+VhnV8kXOjb9/zTYbq6pDo1wArMlNQMOoAdfDnyLxbz22rGEfuu5\neJYC6StQCrYBBUgNiZL0KpERP507rDHPl6i6IVfhF43dpnCPlof+yo1ssIxlixOH\nSDF39lHRJ6NLasGoXjIKEh7M/bAttIB1KjdKMTU6cCYX5x7koLGDktoKim8ap2LP\n7D5UzhMIWWzrtsy26phjJo43IgVzxPfXGPKfijZAfhjybvokyr1UswkFmAreSTGq\nULQA0JcLRwAF9/LhWRVfQDsCAwEAAQ==\n-----END PUBLIC KEY-----\n",
            "rsa_bits": 4096
          },
          "private": "bnVsbA=="
        }
      ]
    }
  ]
}
